
Microsoft Visual Studio Solution File, Format Version 12.00
# Visual Studio 2012
Project("{FAE04EC0-301F-11D3-BF4B-00C04F79EFBC}") = "Site", "Site\Site.csproj", "{A0F02235-1680-48FA-95B3-3543FAFA6429}"
	ProjectSection(ProjectDependencies) = postProject
		{BE383FA8-39F2-44A2-BB37-B3CAF189F435} = {BE383FA8-39F2-44A2-BB37-B3CAF189F435}
	EndProjectSection
EndProject
Project("{FAE04EC0-301F-11D3-BF4B-00C04F79EFBC}") = "Services", "Services\Services.csproj", "{2059E012-64BB-4E1F-ABAF-C4E2EB0A5F81}"
EndProject
Project("{FAE04EC0-301F-11D3-BF4B-00C04F79EFBC}") = "Security", "Security\Security.csproj", "{9EB5135E-C8CF-480C-B2E1-BEF4D06A04F7}"
EndProject
Project("{FAE04EC0-301F-11D3-BF4B-00C04F79EFBC}") = "SecurityWebServices", "SecurityWebServices\SecurityWebServices.csproj", "{831B0891-F36A-4535-B834-C37A07602065}"
	ProjectSection(ProjectDependencies) = postProject
		{2059E012-64BB-4E1F-ABAF-C4E2EB0A5F81} = {2059E012-64BB-4E1F-ABAF-C4E2EB0A5F81}
	EndProjectSection
EndProject
Project("{FAE04EC0-301F-11D3-BF4B-00C04F79EFBC}") = "Content", "Content\Content.csproj", "{BE383FA8-39F2-44A2-BB37-B3CAF189F435}"
EndProject
Project("{FAE04EC0-301F-11D3-BF4B-00C04F79EFBC}") = "AdminServices", "AdminServices\AdminServices.csproj", "{50D4A8FD-6D52-48F2-BC61-36974C2D1997}"
	ProjectSection(ProjectDependencies) = postProject
		{9EB5135E-C8CF-480C-B2E1-BEF4D06A04F7} = {9EB5135E-C8CF-480C-B2E1-BEF4D06A04F7}
	EndProjectSection
EndProject
Project("{FAE04EC0-301F-11D3-BF4B-00C04F79EFBC}") = "Arms", "Arms\Arms.csproj", "{05A3959B-A9BE-45F3-B520-0D40EB82FB32}"
	ProjectSection(ProjectDependencies) = postProject
		{BE383FA8-39F2-44A2-BB37-B3CAF189F435} = {BE383FA8-39F2-44A2-BB37-B3CAF189F435}
	EndProjectSection
EndProject
Project("{FAE04EC0-301F-11D3-BF4B-00C04F79EFBC}") = "ServicesExtensions", "ServicesExtensions\ServicesExtensions.csproj", "{15F6D3FD-D986-4FD2-9259-872986F73EC2}"
EndProject
Project("{2150E333-8FDC-42A3-9474-1A3956D46DE8}") = "3rd-party", "3rd-party", "{21FD2ACE-3B6C-4F8F-9F8F-9B74895882B6}"
EndProject
Project("{FAE04EC0-301F-11D3-BF4B-00C04F79EFBC}") = "ElFinder.Net", "3rd-party\ElFinder.Net\ElFinder.Net.csproj", "{4635B781-A1A1-40A3-B57D-26CF552695BB}"
EndProject
Project("{FAE04EC0-301F-11D3-BF4B-00C04F79EFBC}") = "Logging", "Logging\Logging.csproj", "{665575E7-CC6D-467D-8A72-9D620EA19932}"
EndProject
Project("{2150E333-8FDC-42A3-9474-1A3956D46DE8}") = "OnlineCategories", "OnlineCategories", "{D069A456-9717-423D-AB36-68F19C488463}"
EndProject
Project("{2150E333-8FDC-42A3-9474-1A3956D46DE8}") = "Infrastructure", "Infrastructure", "{B4DA9632-7B98-4B16-95FA-55975E32ADAB}"
EndProject
Project("{FAE04EC0-301F-11D3-BF4B-00C04F79EFBC}") = "OnlineCategories.Authentication", "OnlineCategories.Authentication\OnlineCategories.Authentication.csproj", "{5D162116-1C2C-4A21-B6B8-DC6F28A31865}"
EndProject
Project("{FAE04EC0-301F-11D3-BF4B-00C04F79EFBC}") = "OnlineCategories.Client", "OnlineCategories.Client\OnlineCategories.Client.csproj", "{23BE0516-D710-43F4-A479-9947A9065AEE}"
EndProject
Project("{FAE04EC0-301F-11D3-BF4B-00C04F79EFBC}") = "OnlineCategories.Example", "OnlineCategories.Example\OnlineCategories.Example.csproj", "{EA838966-DA29-4B33-A2EA-32A02A1846BD}"
EndProject
Project("{FAE04EC0-301F-11D3-BF4B-00C04F79EFBC}") = "ScheduledJobs", "ScheduledJobs\ScheduledJobs.csproj", "{83D867CA-5D3E-4153-AFD3-57ADDFB140BF}"
EndProject
Project("{2150E333-8FDC-42A3-9474-1A3956D46DE8}") = "Integration", "Integration", "{E7EBEA81-2E8D-4537-A36A-5792752566FB}"
EndProject
Global
	GlobalSection(SolutionConfigurationPlatforms) = preSolution
		Debug|Any CPU = Debug|Any CPU
		Release|Any CPU = Release|Any CPU
		Test|Any CPU = Test|Any CPU
	EndGlobalSection
	GlobalSection(ProjectConfigurationPlatforms) = postSolution
		{A0F02235-1680-48FA-95B3-3543FAFA6429}.Debug|Any CPU.ActiveCfg = Debug|Any CPU
		{A0F02235-1680-48FA-95B3-3543FAFA6429}.Debug|Any CPU.Build.0 = Debug|Any CPU
		{A0F02235-1680-48FA-95B3-3543FAFA6429}.Release|Any CPU.ActiveCfg = Release|Any CPU
		{A0F02235-1680-48FA-95B3-3543FAFA6429}.Release|Any CPU.Build.0 = Release|Any CPU
		{A0F02235-1680-48FA-95B3-3543FAFA6429}.Test|Any CPU.ActiveCfg = Test|Any CPU
		{A0F02235-1680-48FA-95B3-3543FAFA6429}.Test|Any CPU.Build.0 = Test|Any CPU
		{2059E012-64BB-4E1F-ABAF-C4E2EB0A5F81}.Debug|Any CPU.ActiveCfg = Debug|Any CPU
		{2059E012-64BB-4E1F-ABAF-C4E2EB0A5F81}.Debug|Any CPU.Build.0 = Debug|Any CPU
		{2059E012-64BB-4E1F-ABAF-C4E2EB0A5F81}.Release|Any CPU.ActiveCfg = Release|Any CPU
		{2059E012-64BB-4E1F-ABAF-C4E2EB0A5F81}.Release|Any CPU.Build.0 = Release|Any CPU
		{2059E012-64BB-4E1F-ABAF-C4E2EB0A5F81}.Test|Any CPU.ActiveCfg = Test|Any CPU
		{2059E012-64BB-4E1F-ABAF-C4E2EB0A5F81}.Test|Any CPU.Build.0 = Test|Any CPU
		{9EB5135E-C8CF-480C-B2E1-BEF4D06A04F7}.Debug|Any CPU.ActiveCfg = Debug|Any CPU
		{9EB5135E-C8CF-480C-B2E1-BEF4D06A04F7}.Debug|Any CPU.Build.0 = Debug|Any CPU
		{9EB5135E-C8CF-480C-B2E1-BEF4D06A04F7}.Release|Any CPU.ActiveCfg = Release|Any CPU
		{9EB5135E-C8CF-480C-B2E1-BEF4D06A04F7}.Release|Any CPU.Build.0 = Release|Any CPU
		{9EB5135E-C8CF-480C-B2E1-BEF4D06A04F7}.Test|Any CPU.ActiveCfg = Test|Any CPU
		{9EB5135E-C8CF-480C-B2E1-BEF4D06A04F7}.Test|Any CPU.Build.0 = Test|Any CPU
		{831B0891-F36A-4535-B834-C37A07602065}.Debug|Any CPU.ActiveCfg = Debug|Any CPU
		{831B0891-F36A-4535-B834-C37A07602065}.Debug|Any CPU.Build.0 = Debug|Any CPU
		{831B0891-F36A-4535-B834-C37A07602065}.Release|Any CPU.ActiveCfg = Release|Any CPU
		{831B0891-F36A-4535-B834-C37A07602065}.Release|Any CPU.Build.0 = Release|Any CPU
		{831B0891-F36A-4535-B834-C37A07602065}.Test|Any CPU.ActiveCfg = Test|Any CPU
		{831B0891-F36A-4535-B834-C37A07602065}.Test|Any CPU.Build.0 = Test|Any CPU
		{BE383FA8-39F2-44A2-BB37-B3CAF189F435}.Debug|Any CPU.ActiveCfg = Debug|Any CPU
		{BE383FA8-39F2-44A2-BB37-B3CAF189F435}.Debug|Any CPU.Build.0 = Debug|Any CPU
		{BE383FA8-39F2-44A2-BB37-B3CAF189F435}.Release|Any CPU.ActiveCfg = Release|Any CPU
		{BE383FA8-39F2-44A2-BB37-B3CAF189F435}.Release|Any CPU.Build.0 = Release|Any CPU
		{BE383FA8-39F2-44A2-BB37-B3CAF189F435}.Test|Any CPU.ActiveCfg = Test|Any CPU
		{BE383FA8-39F2-44A2-BB37-B3CAF189F435}.Test|Any CPU.Build.0 = Test|Any CPU
		{50D4A8FD-6D52-48F2-BC61-36974C2D1997}.Debug|Any CPU.ActiveCfg = Debug|Any CPU
		{50D4A8FD-6D52-48F2-BC61-36974C2D1997}.Debug|Any CPU.Build.0 = Debug|Any CPU
		{50D4A8FD-6D52-48F2-BC61-36974C2D1997}.Debug|Any CPU.Deploy.0 = Debug|Any CPU
		{50D4A8FD-6D52-48F2-BC61-36974C2D1997}.Release|Any CPU.ActiveCfg = Release|Any CPU
		{50D4A8FD-6D52-48F2-BC61-36974C2D1997}.Release|Any CPU.Build.0 = Release|Any CPU
		{50D4A8FD-6D52-48F2-BC61-36974C2D1997}.Test|Any CPU.ActiveCfg = Test|Any CPU
		{50D4A8FD-6D52-48F2-BC61-36974C2D1997}.Test|Any CPU.Build.0 = Test|Any CPU
		{05A3959B-A9BE-45F3-B520-0D40EB82FB32}.Debug|Any CPU.ActiveCfg = Debug|Any CPU
		{05A3959B-A9BE-45F3-B520-0D40EB82FB32}.Debug|Any CPU.Build.0 = Debug|Any CPU
		{05A3959B-A9BE-45F3-B520-0D40EB82FB32}.Release|Any CPU.ActiveCfg = Release|Any CPU
		{05A3959B-A9BE-45F3-B520-0D40EB82FB32}.Release|Any CPU.Build.0 = Release|Any CPU
		{05A3959B-A9BE-45F3-B520-0D40EB82FB32}.Test|Any CPU.ActiveCfg = Test|Any CPU
		{05A3959B-A9BE-45F3-B520-0D40EB82FB32}.Test|Any CPU.Build.0 = Test|Any CPU
		{15F6D3FD-D986-4FD2-9259-872986F73EC2}.Debug|Any CPU.ActiveCfg = Debug|Any CPU
		{15F6D3FD-D986-4FD2-9259-872986F73EC2}.Debug|Any CPU.Build.0 = Debug|Any CPU
		{15F6D3FD-D986-4FD2-9259-872986F73EC2}.Release|Any CPU.ActiveCfg = Release|Any CPU
		{15F6D3FD-D986-4FD2-9259-872986F73EC2}.Release|Any CPU.Build.0 = Release|Any CPU
		{15F6D3FD-D986-4FD2-9259-872986F73EC2}.Test|Any CPU.ActiveCfg = Test|Any CPU
		{15F6D3FD-D986-4FD2-9259-872986F73EC2}.Test|Any CPU.Build.0 = Test|Any CPU
		{4635B781-A1A1-40A3-B57D-26CF552695BB}.Debug|Any CPU.ActiveCfg = Debug|Any CPU
		{4635B781-A1A1-40A3-B57D-26CF552695BB}.Debug|Any CPU.Build.0 = Debug|Any CPU
		{4635B781-A1A1-40A3-B57D-26CF552695BB}.Release|Any CPU.ActiveCfg = Release|Any CPU
		{4635B781-A1A1-40A3-B57D-26CF552695BB}.Release|Any CPU.Build.0 = Release|Any CPU
		{4635B781-A1A1-40A3-B57D-26CF552695BB}.Test|Any CPU.ActiveCfg = Test|Any CPU
		{4635B781-A1A1-40A3-B57D-26CF552695BB}.Test|Any CPU.Build.0 = Test|Any CPU
		{665575E7-CC6D-467D-8A72-9D620EA19932}.Debug|Any CPU.ActiveCfg = Debug|Any CPU
		{665575E7-CC6D-467D-8A72-9D620EA19932}.Debug|Any CPU.Build.0 = Debug|Any CPU
		{665575E7-CC6D-467D-8A72-9D620EA19932}.Release|Any CPU.ActiveCfg = Release|Any CPU
		{665575E7-CC6D-467D-8A72-9D620EA19932}.Release|Any CPU.Build.0 = Release|Any CPU
		{665575E7-CC6D-467D-8A72-9D620EA19932}.Test|Any CPU.ActiveCfg = Test|Any CPU
		{665575E7-CC6D-467D-8A72-9D620EA19932}.Test|Any CPU.Build.0 = Test|Any CPU
		{5D162116-1C2C-4A21-B6B8-DC6F28A31865}.Debug|Any CPU.ActiveCfg = Debug|Any CPU
		{5D162116-1C2C-4A21-B6B8-DC6F28A31865}.Debug|Any CPU.Build.0 = Debug|Any CPU
		{5D162116-1C2C-4A21-B6B8-DC6F28A31865}.Release|Any CPU.ActiveCfg = Release|Any CPU
		{5D162116-1C2C-4A21-B6B8-DC6F28A31865}.Release|Any CPU.Build.0 = Release|Any CPU
		{5D162116-1C2C-4A21-B6B8-DC6F28A31865}.Test|Any CPU.ActiveCfg = Release|Any CPU
		{5D162116-1C2C-4A21-B6B8-DC6F28A31865}.Test|Any CPU.Build.0 = Release|Any CPU
		{23BE0516-D710-43F4-A479-9947A9065AEE}.Debug|Any CPU.ActiveCfg = Debug|Any CPU
		{23BE0516-D710-43F4-A479-9947A9065AEE}.Debug|Any CPU.Build.0 = Debug|Any CPU
		{23BE0516-D710-43F4-A479-9947A9065AEE}.Release|Any CPU.ActiveCfg = Release|Any CPU
		{23BE0516-D710-43F4-A479-9947A9065AEE}.Release|Any CPU.Build.0 = Release|Any CPU
		{23BE0516-D710-43F4-A479-9947A9065AEE}.Test|Any CPU.ActiveCfg = Test|Any CPU
		{23BE0516-D710-43F4-A479-9947A9065AEE}.Test|Any CPU.Build.0 = Test|Any CPU
		{EA838966-DA29-4B33-A2EA-32A02A1846BD}.Debug|Any CPU.ActiveCfg = Debug|Any CPU
		{EA838966-DA29-4B33-A2EA-32A02A1846BD}.Debug|Any CPU.Build.0 = Debug|Any CPU
		{EA838966-DA29-4B33-A2EA-32A02A1846BD}.Release|Any CPU.ActiveCfg = Release|Any CPU
		{EA838966-DA29-4B33-A2EA-32A02A1846BD}.Release|Any CPU.Build.0 = Release|Any CPU
		{EA838966-DA29-4B33-A2EA-32A02A1846BD}.Test|Any CPU.ActiveCfg = Test|Any CPU
		{EA838966-DA29-4B33-A2EA-32A02A1846BD}.Test|Any CPU.Build.0 = Test|Any CPU
		{83D867CA-5D3E-4153-AFD3-57ADDFB140BF}.Debug|Any CPU.ActiveCfg = Debug|Any CPU
		{83D867CA-5D3E-4153-AFD3-57ADDFB140BF}.Debug|Any CPU.Build.0 = Debug|Any CPU
		{83D867CA-5D3E-4153-AFD3-57ADDFB140BF}.Release|Any CPU.ActiveCfg = Release|Any CPU
		{83D867CA-5D3E-4153-AFD3-57ADDFB140BF}.Release|Any CPU.Build.0 = Release|Any CPU
		{83D867CA-5D3E-4153-AFD3-57ADDFB140BF}.Test|Any CPU.ActiveCfg = Release|Any CPU
		{83D867CA-5D3E-4153-AFD3-57ADDFB140BF}.Test|Any CPU.Build.0 = Release|Any CPU
	EndGlobalSection
	GlobalSection(SolutionProperties) = preSolution
		HideSolutionNode = FALSE
	EndGlobalSection
	GlobalSection(NestedProjects) = preSolution
		{665575E7-CC6D-467D-8A72-9D620EA19932} = {B4DA9632-7B98-4B16-95FA-55975E32ADAB}
		{15F6D3FD-D986-4FD2-9259-872986F73EC2} = {B4DA9632-7B98-4B16-95FA-55975E32ADAB}
		{4635B781-A1A1-40A3-B57D-26CF552695BB} = {21FD2ACE-3B6C-4F8F-9F8F-9B74895882B6}
		{5D162116-1C2C-4A21-B6B8-DC6F28A31865} = {D069A456-9717-423D-AB36-68F19C488463}
		{23BE0516-D710-43F4-A479-9947A9065AEE} = {D069A456-9717-423D-AB36-68F19C488463}
		{EA838966-DA29-4B33-A2EA-32A02A1846BD} = {D069A456-9717-423D-AB36-68F19C488463}
		{50D4A8FD-6D52-48F2-BC61-36974C2D1997} = {E7EBEA81-2E8D-4537-A36A-5792752566FB}
		{BE383FA8-39F2-44A2-BB37-B3CAF189F435} = {E7EBEA81-2E8D-4537-A36A-5792752566FB}
		{9EB5135E-C8CF-480C-B2E1-BEF4D06A04F7} = {E7EBEA81-2E8D-4537-A36A-5792752566FB}
		{2059E012-64BB-4E1F-ABAF-C4E2EB0A5F81} = {E7EBEA81-2E8D-4537-A36A-5792752566FB}
	EndGlobalSection
	GlobalSection(ExtensibilityGlobals) = postSolution
		EnterpriseLibraryConfigurationToolBinariesPath = packages\Unity.2.1.505.2\lib\NET35
	EndGlobalSection
EndGlobal
