
Microsoft Visual Studio Solution File, Format Version 12.00
# Visual Studio 2012
Project("{2150E333-8FDC-42A3-9474-1A3956D46DE8}") = "Solution Items", "Solution Items", "{986A3F81-36FC-4225-A3AF-BF72ED4AA6CE}"
	ProjectSection(SolutionItems) = preProject
		BankConnector.testsettings = BankConnector.testsettings
		BankConnector.vsmdi = BankConnector.vsmdi
		GlobalAssemblyInfo.cs = GlobalAssemblyInfo.cs
	EndProjectSection
EndProject
Project("{2150E333-8FDC-42A3-9474-1A3956D46DE8}") = "Configuration", "Configuration", "{8DF0FD69-689D-4A37-BF1A-1357AFC4DC78}"
	ProjectSection(SolutionItems) = preProject
		Configuration\bindings.config = Configuration\bindings.config
		Configuration\bindings.config-TEMPLATE = Configuration\bindings.config-TEMPLATE
		Configuration\connectionStrings.config = Configuration\connectionStrings.config
		Configuration\connectionStrings.config-TEMPLATE = Configuration\connectionStrings.config-TEMPLATE
		Configuration\endpoints.config = Configuration\endpoints.config
		Configuration\endpoints.config-TEMPLATE = Configuration\endpoints.config-TEMPLATE
		Configuration\etlConfig.config = Configuration\etlConfig.config
		Configuration\etlConfig.config-TEMPLATE = Configuration\etlConfig.config-TEMPLATE
		Configuration\unity.config = Configuration\unity.config
		Configuration\unity.config-TEMPLATE = Configuration\unity.config-TEMPLATE
	EndProjectSection
EndProject
Project("{2150E333-8FDC-42A3-9474-1A3956D46DE8}") = "Externals", "Externals", "{5F9DB076-9C79-424B-B51D-E1708725AFD4}"
EndProject
Project("{2150E333-8FDC-42A3-9474-1A3956D46DE8}") = "Stubs", "Stubs", "{B821D359-6220-4AFD-ACAA-B12D218E0998}"
EndProject
Project("{2150E333-8FDC-42A3-9474-1A3956D46DE8}") = "RapidSoft.Etl", "RapidSoft.Etl", "{5A860069-2DCF-47A9-AE33-E10B08C5B08F}"
EndProject
Project("{FAE04EC0-301F-11D3-BF4B-00C04F79EFBC}") = "RapidSoft.VTB24.BankConnector", "..\RapidSoft.VTB24.BankConnector\RapidSoft.VTB24.BankConnector.csproj", "{81967F37-3DFB-45F0-B8EF-E515B765082B}"
EndProject
Project("{FAE04EC0-301F-11D3-BF4B-00C04F79EFBC}") = "RapidSoft.VTB24.BankConnector.WsClients", "..\RapidSoft.VTB24.BankConnector.WsClients\RapidSoft.VTB24.BankConnector.WsClients.csproj", "{40BDD6B9-BCFE-4364-BB9E-4890F966EBBC}"
EndProject
Project("{FAE04EC0-301F-11D3-BF4B-00C04F79EFBC}") = "RapidSoft.VTB24.BankConnector.Tests", "..\RapidSoft.VTB24.BankConnector.Tests\RapidSoft.VTB24.BankConnector.Tests.csproj", "{85A5E5FE-C6E1-436F-A339-371D7F79EF83}"
EndProject
Project("{FAE04EC0-301F-11D3-BF4B-00C04F79EFBC}") = "RapidSoft.VTB24.BankConnector.WebServices", "..\RapidSoft.VTB24.BankConnector.WebServices\RapidSoft.VTB24.BankConnector.WebServices.csproj", "{EC7C0019-160B-488D-9ABA-C6256E948059}"
EndProject
Project("{FAE04EC0-301F-11D3-BF4B-00C04F79EFBC}") = "RapidSoft.VTB24.BankConnector.DataSource", "..\RapidSoft.VTB24.BankConnector.DataSource\RapidSoft.VTB24.BankConnector.DataSource.csproj", "{FD8442FE-FE00-4D13-B454-34728F9FDD77}"
EndProject
Project("{FAE04EC0-301F-11D3-BF4B-00C04F79EFBC}") = "RapidSoft.VTB24.BankConnector.DataModels", "..\RapidSoft.VTB24.BankConnector.DataModels\RapidSoft.VTB24.BankConnector.DataModels.csproj", "{A197184A-8429-4DC1-8541-37F57A802F61}"
EndProject
Project("{FAE04EC0-301F-11D3-BF4B-00C04F79EFBC}") = "RapidSoft.VTB24.BankConnector.API", "..\RapidSoft.VTB24.BankConnector.API\RapidSoft.VTB24.BankConnector.API.csproj", "{C56B7759-9AA7-4A12-8472-046B3228DE96}"
EndProject
Project("{FAE04EC0-301F-11D3-BF4B-00C04F79EFBC}") = "RapidSoft.VTB24.BankConnector.Infrastructure", "..\RapidSoft.VTB24.BankConnector.Infrastructure\RapidSoft.VTB24.BankConnector.Infrastructure.csproj", "{5BF06308-29F4-4E47-AB46-76214C953B7F}"
EndProject
Project("{FAE04EC0-301F-11D3-BF4B-00C04F79EFBC}") = "RapidSoft.VTB24.BankConnector.Quartz.Server", "..\RapidSoft.VTB24.BankConnector.Quartz.Server\RapidSoft.VTB24.BankConnector.Quartz.Server.csproj", "{99859C97-FD3A-4B10-958A-39F67F369C09}"
EndProject
Project("{FAE04EC0-301F-11D3-BF4B-00C04F79EFBC}") = "Quartz.2010", "..\Externals\Quartz\Quartz.2010.csproj", "{AEF8823B-E45B-4B35-A4D0-C08C1196D017}"
EndProject
Project("{FAE04EC0-301F-11D3-BF4B-00C04F79EFBC}") = "RapidSoft.Loaylty.PromoAction.WsClients", "..\Externals\RapidSoft.Loaylty.PromoAction.WsClients\RapidSoft.Loaylty.PromoAction.WsClients.csproj", "{8533AA36-8D8A-4215-94B7-C8A4989C6F32}"
EndProject
Project("{FAE04EC0-301F-11D3-BF4B-00C04F79EFBC}") = "RapidSoft.Loaylty.BonusGateway", "..\Externals\RapidSoft.Loaylty.BonusGateway\RapidSoft.Loaylty.BonusGateway.csproj", "{A130D3DC-72EA-4E07-AE64-CAA194245B6E}"
EndProject
Project("{FAE04EC0-301F-11D3-BF4B-00C04F79EFBC}") = "RapidSoft.Loaylty.ClientProfile", "..\Externals\RapidSoft.Loaylty.ClientProfile\RapidSoft.Loaylty.ClientProfile.csproj", "{FBD2E6DA-8492-4E71-B227-C1BB7D517DBD}"
EndProject
Project("{FAE04EC0-301F-11D3-BF4B-00C04F79EFBC}") = "Rapidsoft.Loyalty.NotificationSystem.WsClients", "..\Externals\Rapidsoft.Loyalty.NotificationSystem.WsClients\Rapidsoft.Loyalty.NotificationSystem.WsClients.csproj", "{014608C5-660E-4DDD-B219-B38278AC86AA}"
EndProject
Project("{FAE04EC0-301F-11D3-BF4B-00C04F79EFBC}") = "RapidSoft.VTB24.Site", "..\Externals\RapidSoft.VTB24.Site\RapidSoft.VTB24.Site.csproj", "{BEF9525F-6493-469F-BD15-ACBBB7B011A8}"
EndProject
Project("{FAE04EC0-301F-11D3-BF4B-00C04F79EFBC}") = "RapidSoft.Loaylty.ProductCatalog.WsClients", "..\Externals\RapidSoft.Loaylty.ProductCatalog.WsClients\RapidSoft.Loaylty.ProductCatalog.WsClients.csproj", "{FA8260E1-3E5B-4BE8-9C65-5C6554310EF6}"
EndProject
Project("{FAE04EC0-301F-11D3-BF4B-00C04F79EFBC}") = "RapidSoft.Loaylty.Processing", "..\Externals\RapidSoft.Loaylty.Processing\RapidSoft.Loaylty.Processing.csproj", "{21EA3DA9-98CC-4681-9561-5C87B5D6803D}"
EndProject
Project("{FAE04EC0-301F-11D3-BF4B-00C04F79EFBC}") = "RapidSoft.Etl.Console", "..\Externals\RapidSoft.Etl\RapidSoft.Etl.Console\RapidSoft.Etl.Console.csproj", "{7B950105-3D41-42D3-9975-87048D2B795A}"
EndProject
Project("{FAE04EC0-301F-11D3-BF4B-00C04F79EFBC}") = "RapidSoft.Etl.Editor", "..\Externals\RapidSoft.Etl\RapidSoft.Etl.Editor\RapidSoft.Etl.Editor.csproj", "{20EE5E88-CDED-4CCE-935F-1E4209954080}"
EndProject
Project("{FAE04EC0-301F-11D3-BF4B-00C04F79EFBC}") = "RapidSoft.Etl.Logging", "..\Externals\RapidSoft.Etl\RapidSoft.Etl.Logging\RapidSoft.Etl.Logging.csproj", "{DC9A13A8-98A5-4460-B499-C8972944C764}"
EndProject
Project("{FAE04EC0-301F-11D3-BF4B-00C04F79EFBC}") = "RapidSoft.Etl.Runtime", "..\Externals\RapidSoft.Etl\RapidSoft.Etl.Runtime\RapidSoft.Etl.Runtime.csproj", "{276395A6-28FF-46AF-ACCC-14F2F175E25D}"
EndProject
Project("{FAE04EC0-301F-11D3-BF4B-00C04F79EFBC}") = "RapidSoft.Etl.Monitor", "..\Externals\RapidSoft.Etl\RapidSoft.Etl.Monitor\RapidSoft.Etl.Monitor.csproj", "{3B22CDC9-5DDA-4FBD-9EC1-2CDDCF960618}"
EndProject
Project("{FAE04EC0-301F-11D3-BF4B-00C04F79EFBC}") = "S22.Imap", "..\Externals\RapidSoft.Etl\S22.Imap\S22.Imap.csproj", "{369C32A5-E099-4BD5-BBBF-51713947CA99}"
EndProject
Project("{FAE04EC0-301F-11D3-BF4B-00C04F79EFBC}") = "RapidSoft.VTB24.VtbEncryption", "..\Externals\RapidSoft.Etl\RapidSoft.VTB24.VtbEncryption\RapidSoft.VTB24.VtbEncryption.csproj", "{176C5B9A-C1A3-45EB-9DBC-42888A1AB09A}"
EndProject
Project("{FAE04EC0-301F-11D3-BF4B-00C04F79EFBC}") = "RapidSoft.Loaylty.Monitoring", "..\Externals\RapidSoft.Loaylty.Monitoring\RapidSoft.Loaylty.Monitoring.csproj", "{E10328E0-16F8-448C-8F26-E754D9A1FE83}"
EndProject
Project("{FAE04EC0-301F-11D3-BF4B-00C04F79EFBC}") = "RapidSoft.Etl.Runtime.Tests", "..\Externals\RapidSoft.Etl\RapidSoft.Etl.Runtime.Tests\RapidSoft.Etl.Runtime.Tests.csproj", "{73C27953-0649-436D-90FC-5DFAF4F1C170}"
EndProject
Project("{FAE04EC0-301F-11D3-BF4B-00C04F79EFBC}") = "RapidSoft.VTB24.ArmSecurity", "..\Externals\RapidSoft.VTB24.ArmSecurity\RapidSoft.VTB24.ArmSecurity.csproj", "{87F9069D-E59F-4195-97F4-9309E6A764DF}"
EndProject
Project("{FAE04EC0-301F-11D3-BF4B-00C04F79EFBC}") = "RapidSoft.Loaylty.Logging", "..\Externals\RapidSoft.Loaylty.Logging\RapidSoft.Loaylty.Logging.csproj", "{6B6E5793-B048-473D-8707-23031CC227CD}"
EndProject
Project("{FAE04EC0-301F-11D3-BF4B-00C04F79EFBC}") = "RapidSoft.Extensions", "..\Externals\RapidSoft.Extensions\RapidSoft.Extensions.csproj", "{63DF64B8-C9F3-4A51-841D-58D6D1841627}"
EndProject
Project("{FAE04EC0-301F-11D3-BF4B-00C04F79EFBC}") = "RapidSoft.VTB24.BankConnector.UnitellerConsole", "..\RapidSoft.VTB24.BankConnector.UnitellerConsole\RapidSoft.VTB24.BankConnector.UnitellerConsole.csproj", "{2A11DC7E-E556-4527-BF9D-9C89A18F18FC}"
EndProject
Project("{FAE04EC0-301F-11D3-BF4B-00C04F79EFBC}") = "RapidSoft.VTB24.BankConnector.Acquiring", "..\RapidSoft.VTB24.BankConnector.Acquiring\RapidSoft.VTB24.BankConnector.Acquiring.csproj", "{B2D3F688-1AE7-4718-A1D3-E48A220C6B2F}"
EndProject
Global
	GlobalSection(TestCaseManagementSettings) = postSolution
		CategoryFile = BankConnector.vsmdi
	EndGlobalSection
	GlobalSection(SolutionConfigurationPlatforms) = preSolution
		Debug|Any CPU = Debug|Any CPU
		Debug|Mixed Platforms = Debug|Mixed Platforms
		Debug|X64 = Debug|X64
		Debug|x86 = Debug|x86
		DebugLocal|Any CPU = DebugLocal|Any CPU
		DebugLocal|Mixed Platforms = DebugLocal|Mixed Platforms
		DebugLocal|X64 = DebugLocal|X64
		DebugLocal|x86 = DebugLocal|x86
		Release|Any CPU = Release|Any CPU
		Release|Mixed Platforms = Release|Mixed Platforms
		Release|X64 = Release|X64
		Release|x86 = Release|x86
	EndGlobalSection
	GlobalSection(ProjectConfigurationPlatforms) = postSolution
		{81967F37-3DFB-45F0-B8EF-E515B765082B}.Debug|Any CPU.ActiveCfg = Debug|Any CPU
		{81967F37-3DFB-45F0-B8EF-E515B765082B}.Debug|Any CPU.Build.0 = Debug|Any CPU
		{81967F37-3DFB-45F0-B8EF-E515B765082B}.Debug|Mixed Platforms.ActiveCfg = Debug|Any CPU
		{81967F37-3DFB-45F0-B8EF-E515B765082B}.Debug|Mixed Platforms.Build.0 = Debug|Any CPU
		{81967F37-3DFB-45F0-B8EF-E515B765082B}.Debug|X64.ActiveCfg = Debug|Any CPU
		{81967F37-3DFB-45F0-B8EF-E515B765082B}.Debug|x86.ActiveCfg = Debug|Any CPU
		{81967F37-3DFB-45F0-B8EF-E515B765082B}.DebugLocal|Any CPU.ActiveCfg = Debug|Any CPU
		{81967F37-3DFB-45F0-B8EF-E515B765082B}.DebugLocal|Any CPU.Build.0 = Debug|Any CPU
		{81967F37-3DFB-45F0-B8EF-E515B765082B}.DebugLocal|Mixed Platforms.ActiveCfg = Debug|Any CPU
		{81967F37-3DFB-45F0-B8EF-E515B765082B}.DebugLocal|Mixed Platforms.Build.0 = Debug|Any CPU
		{81967F37-3DFB-45F0-B8EF-E515B765082B}.DebugLocal|X64.ActiveCfg = Debug|Any CPU
		{81967F37-3DFB-45F0-B8EF-E515B765082B}.DebugLocal|x86.ActiveCfg = Debug|Any CPU
		{81967F37-3DFB-45F0-B8EF-E515B765082B}.Release|Any CPU.ActiveCfg = Release|Any CPU
		{81967F37-3DFB-45F0-B8EF-E515B765082B}.Release|Any CPU.Build.0 = Release|Any CPU
		{81967F37-3DFB-45F0-B8EF-E515B765082B}.Release|Mixed Platforms.ActiveCfg = Release|Any CPU
		{81967F37-3DFB-45F0-B8EF-E515B765082B}.Release|Mixed Platforms.Build.0 = Release|Any CPU
		{81967F37-3DFB-45F0-B8EF-E515B765082B}.Release|X64.ActiveCfg = Release|Any CPU
		{81967F37-3DFB-45F0-B8EF-E515B765082B}.Release|x86.ActiveCfg = Release|Any CPU
		{40BDD6B9-BCFE-4364-BB9E-4890F966EBBC}.Debug|Any CPU.ActiveCfg = Debug|Any CPU
		{40BDD6B9-BCFE-4364-BB9E-4890F966EBBC}.Debug|Any CPU.Build.0 = Debug|Any CPU
		{40BDD6B9-BCFE-4364-BB9E-4890F966EBBC}.Debug|Mixed Platforms.ActiveCfg = Debug|Any CPU
		{40BDD6B9-BCFE-4364-BB9E-4890F966EBBC}.Debug|Mixed Platforms.Build.0 = Debug|Any CPU
		{40BDD6B9-BCFE-4364-BB9E-4890F966EBBC}.Debug|X64.ActiveCfg = Debug|Any CPU
		{40BDD6B9-BCFE-4364-BB9E-4890F966EBBC}.Debug|x86.ActiveCfg = Debug|Any CPU
		{40BDD6B9-BCFE-4364-BB9E-4890F966EBBC}.DebugLocal|Any CPU.ActiveCfg = Debug|Any CPU
		{40BDD6B9-BCFE-4364-BB9E-4890F966EBBC}.DebugLocal|Any CPU.Build.0 = Debug|Any CPU
		{40BDD6B9-BCFE-4364-BB9E-4890F966EBBC}.DebugLocal|Mixed Platforms.ActiveCfg = Debug|Any CPU
		{40BDD6B9-BCFE-4364-BB9E-4890F966EBBC}.DebugLocal|Mixed Platforms.Build.0 = Debug|Any CPU
		{40BDD6B9-BCFE-4364-BB9E-4890F966EBBC}.DebugLocal|X64.ActiveCfg = Debug|Any CPU
		{40BDD6B9-BCFE-4364-BB9E-4890F966EBBC}.DebugLocal|x86.ActiveCfg = Debug|Any CPU
		{40BDD6B9-BCFE-4364-BB9E-4890F966EBBC}.Release|Any CPU.ActiveCfg = Release|Any CPU
		{40BDD6B9-BCFE-4364-BB9E-4890F966EBBC}.Release|Any CPU.Build.0 = Release|Any CPU
		{40BDD6B9-BCFE-4364-BB9E-4890F966EBBC}.Release|Mixed Platforms.ActiveCfg = Release|Any CPU
		{40BDD6B9-BCFE-4364-BB9E-4890F966EBBC}.Release|Mixed Platforms.Build.0 = Release|Any CPU
		{40BDD6B9-BCFE-4364-BB9E-4890F966EBBC}.Release|X64.ActiveCfg = Release|Any CPU
		{40BDD6B9-BCFE-4364-BB9E-4890F966EBBC}.Release|x86.ActiveCfg = Release|Any CPU
		{85A5E5FE-C6E1-436F-A339-371D7F79EF83}.Debug|Any CPU.ActiveCfg = Debug|Any CPU
		{85A5E5FE-C6E1-436F-A339-371D7F79EF83}.Debug|Any CPU.Build.0 = Debug|Any CPU
		{85A5E5FE-C6E1-436F-A339-371D7F79EF83}.Debug|Mixed Platforms.ActiveCfg = Debug|Any CPU
		{85A5E5FE-C6E1-436F-A339-371D7F79EF83}.Debug|Mixed Platforms.Build.0 = Debug|Any CPU
		{85A5E5FE-C6E1-436F-A339-371D7F79EF83}.Debug|X64.ActiveCfg = Debug|Any CPU
		{85A5E5FE-C6E1-436F-A339-371D7F79EF83}.Debug|x86.ActiveCfg = Debug|Any CPU
		{85A5E5FE-C6E1-436F-A339-371D7F79EF83}.DebugLocal|Any CPU.ActiveCfg = Debug|Any CPU
		{85A5E5FE-C6E1-436F-A339-371D7F79EF83}.DebugLocal|Any CPU.Build.0 = Debug|Any CPU
		{85A5E5FE-C6E1-436F-A339-371D7F79EF83}.DebugLocal|Mixed Platforms.ActiveCfg = Debug|Any CPU
		{85A5E5FE-C6E1-436F-A339-371D7F79EF83}.DebugLocal|Mixed Platforms.Build.0 = Debug|Any CPU
		{85A5E5FE-C6E1-436F-A339-371D7F79EF83}.DebugLocal|X64.ActiveCfg = Debug|Any CPU
		{85A5E5FE-C6E1-436F-A339-371D7F79EF83}.DebugLocal|x86.ActiveCfg = Debug|Any CPU
		{85A5E5FE-C6E1-436F-A339-371D7F79EF83}.Release|Any CPU.ActiveCfg = Release|Any CPU
		{85A5E5FE-C6E1-436F-A339-371D7F79EF83}.Release|Any CPU.Build.0 = Release|Any CPU
		{85A5E5FE-C6E1-436F-A339-371D7F79EF83}.Release|Mixed Platforms.ActiveCfg = Release|Any CPU
		{85A5E5FE-C6E1-436F-A339-371D7F79EF83}.Release|Mixed Platforms.Build.0 = Release|Any CPU
		{85A5E5FE-C6E1-436F-A339-371D7F79EF83}.Release|X64.ActiveCfg = Release|Any CPU
		{85A5E5FE-C6E1-436F-A339-371D7F79EF83}.Release|x86.ActiveCfg = Release|Any CPU
		{EC7C0019-160B-488D-9ABA-C6256E948059}.Debug|Any CPU.ActiveCfg = Debug|Any CPU
		{EC7C0019-160B-488D-9ABA-C6256E948059}.Debug|Any CPU.Build.0 = Debug|Any CPU
		{EC7C0019-160B-488D-9ABA-C6256E948059}.Debug|Mixed Platforms.ActiveCfg = Debug|Any CPU
		{EC7C0019-160B-488D-9ABA-C6256E948059}.Debug|Mixed Platforms.Build.0 = Debug|Any CPU
		{EC7C0019-160B-488D-9ABA-C6256E948059}.Debug|X64.ActiveCfg = Debug|Any CPU
		{EC7C0019-160B-488D-9ABA-C6256E948059}.Debug|x86.ActiveCfg = Debug|Any CPU
		{EC7C0019-160B-488D-9ABA-C6256E948059}.DebugLocal|Any CPU.ActiveCfg = Debug|Any CPU
		{EC7C0019-160B-488D-9ABA-C6256E948059}.DebugLocal|Any CPU.Build.0 = Debug|Any CPU
		{EC7C0019-160B-488D-9ABA-C6256E948059}.DebugLocal|Mixed Platforms.ActiveCfg = Debug|Any CPU
		{EC7C0019-160B-488D-9ABA-C6256E948059}.DebugLocal|Mixed Platforms.Build.0 = Debug|Any CPU
		{EC7C0019-160B-488D-9ABA-C6256E948059}.DebugLocal|X64.ActiveCfg = Debug|Any CPU
		{EC7C0019-160B-488D-9ABA-C6256E948059}.DebugLocal|x86.ActiveCfg = Debug|Any CPU
		{EC7C0019-160B-488D-9ABA-C6256E948059}.Release|Any CPU.ActiveCfg = Release|Any CPU
		{EC7C0019-160B-488D-9ABA-C6256E948059}.Release|Any CPU.Build.0 = Release|Any CPU
		{EC7C0019-160B-488D-9ABA-C6256E948059}.Release|Mixed Platforms.ActiveCfg = Release|Any CPU
		{EC7C0019-160B-488D-9ABA-C6256E948059}.Release|Mixed Platforms.Build.0 = Release|Any CPU
		{EC7C0019-160B-488D-9ABA-C6256E948059}.Release|X64.ActiveCfg = Release|Any CPU
		{EC7C0019-160B-488D-9ABA-C6256E948059}.Release|x86.ActiveCfg = Release|Any CPU
		{FD8442FE-FE00-4D13-B454-34728F9FDD77}.Debug|Any CPU.ActiveCfg = Debug|Any CPU
		{FD8442FE-FE00-4D13-B454-34728F9FDD77}.Debug|Any CPU.Build.0 = Debug|Any CPU
		{FD8442FE-FE00-4D13-B454-34728F9FDD77}.Debug|Mixed Platforms.ActiveCfg = Debug|Any CPU
		{FD8442FE-FE00-4D13-B454-34728F9FDD77}.Debug|Mixed Platforms.Build.0 = Debug|Any CPU
		{FD8442FE-FE00-4D13-B454-34728F9FDD77}.Debug|X64.ActiveCfg = Debug|Any CPU
		{FD8442FE-FE00-4D13-B454-34728F9FDD77}.Debug|x86.ActiveCfg = Debug|Any CPU
		{FD8442FE-FE00-4D13-B454-34728F9FDD77}.DebugLocal|Any CPU.ActiveCfg = Debug|Any CPU
		{FD8442FE-FE00-4D13-B454-34728F9FDD77}.DebugLocal|Any CPU.Build.0 = Debug|Any CPU
		{FD8442FE-FE00-4D13-B454-34728F9FDD77}.DebugLocal|Mixed Platforms.ActiveCfg = Debug|Any CPU
		{FD8442FE-FE00-4D13-B454-34728F9FDD77}.DebugLocal|Mixed Platforms.Build.0 = Debug|Any CPU
		{FD8442FE-FE00-4D13-B454-34728F9FDD77}.DebugLocal|X64.ActiveCfg = Debug|Any CPU
		{FD8442FE-FE00-4D13-B454-34728F9FDD77}.DebugLocal|x86.ActiveCfg = Debug|Any CPU
		{FD8442FE-FE00-4D13-B454-34728F9FDD77}.Release|Any CPU.ActiveCfg = Release|Any CPU
		{FD8442FE-FE00-4D13-B454-34728F9FDD77}.Release|Any CPU.Build.0 = Release|Any CPU
		{FD8442FE-FE00-4D13-B454-34728F9FDD77}.Release|Mixed Platforms.ActiveCfg = Release|Any CPU
		{FD8442FE-FE00-4D13-B454-34728F9FDD77}.Release|Mixed Platforms.Build.0 = Release|Any CPU
		{FD8442FE-FE00-4D13-B454-34728F9FDD77}.Release|X64.ActiveCfg = Release|Any CPU
		{FD8442FE-FE00-4D13-B454-34728F9FDD77}.Release|x86.ActiveCfg = Release|Any CPU
		{A197184A-8429-4DC1-8541-37F57A802F61}.Debug|Any CPU.ActiveCfg = Debug|Any CPU
		{A197184A-8429-4DC1-8541-37F57A802F61}.Debug|Any CPU.Build.0 = Debug|Any CPU
		{A197184A-8429-4DC1-8541-37F57A802F61}.Debug|Mixed Platforms.ActiveCfg = Debug|Any CPU
		{A197184A-8429-4DC1-8541-37F57A802F61}.Debug|Mixed Platforms.Build.0 = Debug|Any CPU
		{A197184A-8429-4DC1-8541-37F57A802F61}.Debug|X64.ActiveCfg = Debug|Any CPU
		{A197184A-8429-4DC1-8541-37F57A802F61}.Debug|x86.ActiveCfg = Debug|Any CPU
		{A197184A-8429-4DC1-8541-37F57A802F61}.DebugLocal|Any CPU.ActiveCfg = Debug|Any CPU
		{A197184A-8429-4DC1-8541-37F57A802F61}.DebugLocal|Any CPU.Build.0 = Debug|Any CPU
		{A197184A-8429-4DC1-8541-37F57A802F61}.DebugLocal|Mixed Platforms.ActiveCfg = Debug|Any CPU
		{A197184A-8429-4DC1-8541-37F57A802F61}.DebugLocal|Mixed Platforms.Build.0 = Debug|Any CPU
		{A197184A-8429-4DC1-8541-37F57A802F61}.DebugLocal|X64.ActiveCfg = Debug|Any CPU
		{A197184A-8429-4DC1-8541-37F57A802F61}.DebugLocal|x86.ActiveCfg = Debug|Any CPU
		{A197184A-8429-4DC1-8541-37F57A802F61}.Release|Any CPU.ActiveCfg = Release|Any CPU
		{A197184A-8429-4DC1-8541-37F57A802F61}.Release|Any CPU.Build.0 = Release|Any CPU
		{A197184A-8429-4DC1-8541-37F57A802F61}.Release|Mixed Platforms.ActiveCfg = Release|Any CPU
		{A197184A-8429-4DC1-8541-37F57A802F61}.Release|Mixed Platforms.Build.0 = Release|Any CPU
		{A197184A-8429-4DC1-8541-37F57A802F61}.Release|X64.ActiveCfg = Release|Any CPU
		{A197184A-8429-4DC1-8541-37F57A802F61}.Release|x86.ActiveCfg = Release|Any CPU
		{C56B7759-9AA7-4A12-8472-046B3228DE96}.Debug|Any CPU.ActiveCfg = Debug|Any CPU
		{C56B7759-9AA7-4A12-8472-046B3228DE96}.Debug|Any CPU.Build.0 = Debug|Any CPU
		{C56B7759-9AA7-4A12-8472-046B3228DE96}.Debug|Mixed Platforms.ActiveCfg = Debug|Any CPU
		{C56B7759-9AA7-4A12-8472-046B3228DE96}.Debug|Mixed Platforms.Build.0 = Debug|Any CPU
		{C56B7759-9AA7-4A12-8472-046B3228DE96}.Debug|X64.ActiveCfg = Debug|Any CPU
		{C56B7759-9AA7-4A12-8472-046B3228DE96}.Debug|x86.ActiveCfg = Debug|Any CPU
		{C56B7759-9AA7-4A12-8472-046B3228DE96}.DebugLocal|Any CPU.ActiveCfg = Debug|Any CPU
		{C56B7759-9AA7-4A12-8472-046B3228DE96}.DebugLocal|Any CPU.Build.0 = Debug|Any CPU
		{C56B7759-9AA7-4A12-8472-046B3228DE96}.DebugLocal|Mixed Platforms.ActiveCfg = Debug|Any CPU
		{C56B7759-9AA7-4A12-8472-046B3228DE96}.DebugLocal|Mixed Platforms.Build.0 = Debug|Any CPU
		{C56B7759-9AA7-4A12-8472-046B3228DE96}.DebugLocal|X64.ActiveCfg = Debug|Any CPU
		{C56B7759-9AA7-4A12-8472-046B3228DE96}.DebugLocal|x86.ActiveCfg = Debug|Any CPU
		{C56B7759-9AA7-4A12-8472-046B3228DE96}.Release|Any CPU.ActiveCfg = Release|Any CPU
		{C56B7759-9AA7-4A12-8472-046B3228DE96}.Release|Any CPU.Build.0 = Release|Any CPU
		{C56B7759-9AA7-4A12-8472-046B3228DE96}.Release|Mixed Platforms.ActiveCfg = Release|Any CPU
		{C56B7759-9AA7-4A12-8472-046B3228DE96}.Release|Mixed Platforms.Build.0 = Release|Any CPU
		{C56B7759-9AA7-4A12-8472-046B3228DE96}.Release|X64.ActiveCfg = Release|Any CPU
		{C56B7759-9AA7-4A12-8472-046B3228DE96}.Release|x86.ActiveCfg = Release|Any CPU
		{5BF06308-29F4-4E47-AB46-76214C953B7F}.Debug|Any CPU.ActiveCfg = Debug|Any CPU
		{5BF06308-29F4-4E47-AB46-76214C953B7F}.Debug|Any CPU.Build.0 = Debug|Any CPU
		{5BF06308-29F4-4E47-AB46-76214C953B7F}.Debug|Mixed Platforms.ActiveCfg = Debug|Any CPU
		{5BF06308-29F4-4E47-AB46-76214C953B7F}.Debug|Mixed Platforms.Build.0 = Debug|Any CPU
		{5BF06308-29F4-4E47-AB46-76214C953B7F}.Debug|X64.ActiveCfg = Debug|Any CPU
		{5BF06308-29F4-4E47-AB46-76214C953B7F}.Debug|x86.ActiveCfg = Debug|Any CPU
		{5BF06308-29F4-4E47-AB46-76214C953B7F}.DebugLocal|Any CPU.ActiveCfg = Debug|Any CPU
		{5BF06308-29F4-4E47-AB46-76214C953B7F}.DebugLocal|Any CPU.Build.0 = Debug|Any CPU
		{5BF06308-29F4-4E47-AB46-76214C953B7F}.DebugLocal|Mixed Platforms.ActiveCfg = Debug|Any CPU
		{5BF06308-29F4-4E47-AB46-76214C953B7F}.DebugLocal|Mixed Platforms.Build.0 = Debug|Any CPU
		{5BF06308-29F4-4E47-AB46-76214C953B7F}.DebugLocal|X64.ActiveCfg = Debug|Any CPU
		{5BF06308-29F4-4E47-AB46-76214C953B7F}.DebugLocal|x86.ActiveCfg = Debug|Any CPU
		{5BF06308-29F4-4E47-AB46-76214C953B7F}.Release|Any CPU.ActiveCfg = Release|Any CPU
		{5BF06308-29F4-4E47-AB46-76214C953B7F}.Release|Any CPU.Build.0 = Release|Any CPU
		{5BF06308-29F4-4E47-AB46-76214C953B7F}.Release|Mixed Platforms.ActiveCfg = Release|Any CPU
		{5BF06308-29F4-4E47-AB46-76214C953B7F}.Release|Mixed Platforms.Build.0 = Release|Any CPU
		{5BF06308-29F4-4E47-AB46-76214C953B7F}.Release|X64.ActiveCfg = Release|Any CPU
		{5BF06308-29F4-4E47-AB46-76214C953B7F}.Release|x86.ActiveCfg = Release|Any CPU
		{99859C97-FD3A-4B10-958A-39F67F369C09}.Debug|Any CPU.ActiveCfg = Debug|Any CPU
		{99859C97-FD3A-4B10-958A-39F67F369C09}.Debug|Any CPU.Build.0 = Debug|Any CPU
		{99859C97-FD3A-4B10-958A-39F67F369C09}.Debug|Mixed Platforms.ActiveCfg = Debug|Any CPU
		{99859C97-FD3A-4B10-958A-39F67F369C09}.Debug|Mixed Platforms.Build.0 = Debug|Any CPU
		{99859C97-FD3A-4B10-958A-39F67F369C09}.Debug|X64.ActiveCfg = Debug|Any CPU
		{99859C97-FD3A-4B10-958A-39F67F369C09}.Debug|x86.ActiveCfg = Debug|Any CPU
		{99859C97-FD3A-4B10-958A-39F67F369C09}.DebugLocal|Any CPU.ActiveCfg = Debug|Any CPU
		{99859C97-FD3A-4B10-958A-39F67F369C09}.DebugLocal|Any CPU.Build.0 = Debug|Any CPU
		{99859C97-FD3A-4B10-958A-39F67F369C09}.DebugLocal|Mixed Platforms.ActiveCfg = Debug|Any CPU
		{99859C97-FD3A-4B10-958A-39F67F369C09}.DebugLocal|Mixed Platforms.Build.0 = Debug|Any CPU
		{99859C97-FD3A-4B10-958A-39F67F369C09}.DebugLocal|X64.ActiveCfg = Debug|Any CPU
		{99859C97-FD3A-4B10-958A-39F67F369C09}.DebugLocal|x86.ActiveCfg = Debug|Any CPU
		{99859C97-FD3A-4B10-958A-39F67F369C09}.Release|Any CPU.ActiveCfg = Release|Any CPU
		{99859C97-FD3A-4B10-958A-39F67F369C09}.Release|Any CPU.Build.0 = Release|Any CPU
		{99859C97-FD3A-4B10-958A-39F67F369C09}.Release|Mixed Platforms.ActiveCfg = Release|Any CPU
		{99859C97-FD3A-4B10-958A-39F67F369C09}.Release|Mixed Platforms.Build.0 = Release|Any CPU
		{99859C97-FD3A-4B10-958A-39F67F369C09}.Release|X64.ActiveCfg = Release|Any CPU
		{99859C97-FD3A-4B10-958A-39F67F369C09}.Release|x86.ActiveCfg = Release|Any CPU
		{AEF8823B-E45B-4B35-A4D0-C08C1196D017}.Debug|Any CPU.ActiveCfg = Debug|Any CPU
		{AEF8823B-E45B-4B35-A4D0-C08C1196D017}.Debug|Any CPU.Build.0 = Debug|Any CPU
		{AEF8823B-E45B-4B35-A4D0-C08C1196D017}.Debug|Mixed Platforms.ActiveCfg = Debug|Any CPU
		{AEF8823B-E45B-4B35-A4D0-C08C1196D017}.Debug|Mixed Platforms.Build.0 = Debug|Any CPU
		{AEF8823B-E45B-4B35-A4D0-C08C1196D017}.Debug|X64.ActiveCfg = Debug|Any CPU
		{AEF8823B-E45B-4B35-A4D0-C08C1196D017}.Debug|x86.ActiveCfg = Debug|Any CPU
		{AEF8823B-E45B-4B35-A4D0-C08C1196D017}.DebugLocal|Any CPU.ActiveCfg = Debug|Any CPU
		{AEF8823B-E45B-4B35-A4D0-C08C1196D017}.DebugLocal|Any CPU.Build.0 = Debug|Any CPU
		{AEF8823B-E45B-4B35-A4D0-C08C1196D017}.DebugLocal|Mixed Platforms.ActiveCfg = Debug|Any CPU
		{AEF8823B-E45B-4B35-A4D0-C08C1196D017}.DebugLocal|Mixed Platforms.Build.0 = Debug|Any CPU
		{AEF8823B-E45B-4B35-A4D0-C08C1196D017}.DebugLocal|X64.ActiveCfg = Debug|Any CPU
		{AEF8823B-E45B-4B35-A4D0-C08C1196D017}.DebugLocal|x86.ActiveCfg = Debug|Any CPU
		{AEF8823B-E45B-4B35-A4D0-C08C1196D017}.Release|Any CPU.ActiveCfg = Release|Any CPU
		{AEF8823B-E45B-4B35-A4D0-C08C1196D017}.Release|Any CPU.Build.0 = Release|Any CPU
		{AEF8823B-E45B-4B35-A4D0-C08C1196D017}.Release|Mixed Platforms.ActiveCfg = Release|Any CPU
		{AEF8823B-E45B-4B35-A4D0-C08C1196D017}.Release|Mixed Platforms.Build.0 = Release|Any CPU
		{AEF8823B-E45B-4B35-A4D0-C08C1196D017}.Release|X64.ActiveCfg = Release|Any CPU
		{AEF8823B-E45B-4B35-A4D0-C08C1196D017}.Release|x86.ActiveCfg = Release|Any CPU
		{8533AA36-8D8A-4215-94B7-C8A4989C6F32}.Debug|Any CPU.ActiveCfg = Debug|Any CPU
		{8533AA36-8D8A-4215-94B7-C8A4989C6F32}.Debug|Any CPU.Build.0 = Debug|Any CPU
		{8533AA36-8D8A-4215-94B7-C8A4989C6F32}.Debug|Mixed Platforms.ActiveCfg = Debug|Any CPU
		{8533AA36-8D8A-4215-94B7-C8A4989C6F32}.Debug|Mixed Platforms.Build.0 = Debug|Any CPU
		{8533AA36-8D8A-4215-94B7-C8A4989C6F32}.Debug|X64.ActiveCfg = Debug|Any CPU
		{8533AA36-8D8A-4215-94B7-C8A4989C6F32}.Debug|x86.ActiveCfg = Debug|Any CPU
		{8533AA36-8D8A-4215-94B7-C8A4989C6F32}.DebugLocal|Any CPU.ActiveCfg = Debug|Any CPU
		{8533AA36-8D8A-4215-94B7-C8A4989C6F32}.DebugLocal|Any CPU.Build.0 = Debug|Any CPU
		{8533AA36-8D8A-4215-94B7-C8A4989C6F32}.DebugLocal|Mixed Platforms.ActiveCfg = Debug|Any CPU
		{8533AA36-8D8A-4215-94B7-C8A4989C6F32}.DebugLocal|Mixed Platforms.Build.0 = Debug|Any CPU
		{8533AA36-8D8A-4215-94B7-C8A4989C6F32}.DebugLocal|X64.ActiveCfg = Debug|Any CPU
		{8533AA36-8D8A-4215-94B7-C8A4989C6F32}.DebugLocal|x86.ActiveCfg = Debug|Any CPU
		{8533AA36-8D8A-4215-94B7-C8A4989C6F32}.Release|Any CPU.ActiveCfg = Release|Any CPU
		{8533AA36-8D8A-4215-94B7-C8A4989C6F32}.Release|Any CPU.Build.0 = Release|Any CPU
		{8533AA36-8D8A-4215-94B7-C8A4989C6F32}.Release|Mixed Platforms.ActiveCfg = Release|Any CPU
		{8533AA36-8D8A-4215-94B7-C8A4989C6F32}.Release|Mixed Platforms.Build.0 = Release|Any CPU
		{8533AA36-8D8A-4215-94B7-C8A4989C6F32}.Release|X64.ActiveCfg = Release|Any CPU
		{8533AA36-8D8A-4215-94B7-C8A4989C6F32}.Release|x86.ActiveCfg = Release|Any CPU
		{A130D3DC-72EA-4E07-AE64-CAA194245B6E}.Debug|Any CPU.ActiveCfg = Debug|Any CPU
		{A130D3DC-72EA-4E07-AE64-CAA194245B6E}.Debug|Any CPU.Build.0 = Debug|Any CPU
		{A130D3DC-72EA-4E07-AE64-CAA194245B6E}.Debug|Mixed Platforms.ActiveCfg = Debug|Any CPU
		{A130D3DC-72EA-4E07-AE64-CAA194245B6E}.Debug|Mixed Platforms.Build.0 = Debug|Any CPU
		{A130D3DC-72EA-4E07-AE64-CAA194245B6E}.Debug|X64.ActiveCfg = Debug|Any CPU
		{A130D3DC-72EA-4E07-AE64-CAA194245B6E}.Debug|x86.ActiveCfg = Debug|Any CPU
		{A130D3DC-72EA-4E07-AE64-CAA194245B6E}.DebugLocal|Any CPU.ActiveCfg = Debug|Any CPU
		{A130D3DC-72EA-4E07-AE64-CAA194245B6E}.DebugLocal|Any CPU.Build.0 = Debug|Any CPU
		{A130D3DC-72EA-4E07-AE64-CAA194245B6E}.DebugLocal|Mixed Platforms.ActiveCfg = Debug|Any CPU
		{A130D3DC-72EA-4E07-AE64-CAA194245B6E}.DebugLocal|Mixed Platforms.Build.0 = Debug|Any CPU
		{A130D3DC-72EA-4E07-AE64-CAA194245B6E}.DebugLocal|X64.ActiveCfg = Debug|Any CPU
		{A130D3DC-72EA-4E07-AE64-CAA194245B6E}.DebugLocal|x86.ActiveCfg = Debug|Any CPU
		{A130D3DC-72EA-4E07-AE64-CAA194245B6E}.Release|Any CPU.ActiveCfg = Release|Any CPU
		{A130D3DC-72EA-4E07-AE64-CAA194245B6E}.Release|Any CPU.Build.0 = Release|Any CPU
		{A130D3DC-72EA-4E07-AE64-CAA194245B6E}.Release|Mixed Platforms.ActiveCfg = Release|Any CPU
		{A130D3DC-72EA-4E07-AE64-CAA194245B6E}.Release|Mixed Platforms.Build.0 = Release|Any CPU
		{A130D3DC-72EA-4E07-AE64-CAA194245B6E}.Release|X64.ActiveCfg = Release|Any CPU
		{A130D3DC-72EA-4E07-AE64-CAA194245B6E}.Release|x86.ActiveCfg = Release|Any CPU
		{FBD2E6DA-8492-4E71-B227-C1BB7D517DBD}.Debug|Any CPU.ActiveCfg = Debug|Any CPU
		{FBD2E6DA-8492-4E71-B227-C1BB7D517DBD}.Debug|Any CPU.Build.0 = Debug|Any CPU
		{FBD2E6DA-8492-4E71-B227-C1BB7D517DBD}.Debug|Mixed Platforms.ActiveCfg = Debug|Any CPU
		{FBD2E6DA-8492-4E71-B227-C1BB7D517DBD}.Debug|Mixed Platforms.Build.0 = Debug|Any CPU
		{FBD2E6DA-8492-4E71-B227-C1BB7D517DBD}.Debug|X64.ActiveCfg = Debug|Any CPU
		{FBD2E6DA-8492-4E71-B227-C1BB7D517DBD}.Debug|x86.ActiveCfg = Debug|Any CPU
		{FBD2E6DA-8492-4E71-B227-C1BB7D517DBD}.DebugLocal|Any CPU.ActiveCfg = Debug|Any CPU
		{FBD2E6DA-8492-4E71-B227-C1BB7D517DBD}.DebugLocal|Any CPU.Build.0 = Debug|Any CPU
		{FBD2E6DA-8492-4E71-B227-C1BB7D517DBD}.DebugLocal|Mixed Platforms.ActiveCfg = Debug|Any CPU
		{FBD2E6DA-8492-4E71-B227-C1BB7D517DBD}.DebugLocal|Mixed Platforms.Build.0 = Debug|Any CPU
		{FBD2E6DA-8492-4E71-B227-C1BB7D517DBD}.DebugLocal|X64.ActiveCfg = Debug|Any CPU
		{FBD2E6DA-8492-4E71-B227-C1BB7D517DBD}.DebugLocal|x86.ActiveCfg = Debug|Any CPU
		{FBD2E6DA-8492-4E71-B227-C1BB7D517DBD}.Release|Any CPU.ActiveCfg = Release|Any CPU
		{FBD2E6DA-8492-4E71-B227-C1BB7D517DBD}.Release|Any CPU.Build.0 = Release|Any CPU
		{FBD2E6DA-8492-4E71-B227-C1BB7D517DBD}.Release|Mixed Platforms.ActiveCfg = Release|Any CPU
		{FBD2E6DA-8492-4E71-B227-C1BB7D517DBD}.Release|Mixed Platforms.Build.0 = Release|Any CPU
		{FBD2E6DA-8492-4E71-B227-C1BB7D517DBD}.Release|X64.ActiveCfg = Release|Any CPU
		{FBD2E6DA-8492-4E71-B227-C1BB7D517DBD}.Release|x86.ActiveCfg = Release|Any CPU
		{014608C5-660E-4DDD-B219-B38278AC86AA}.Debug|Any CPU.ActiveCfg = Debug|Any CPU
		{014608C5-660E-4DDD-B219-B38278AC86AA}.Debug|Any CPU.Build.0 = Debug|Any CPU
		{014608C5-660E-4DDD-B219-B38278AC86AA}.Debug|Mixed Platforms.ActiveCfg = Debug|Any CPU
		{014608C5-660E-4DDD-B219-B38278AC86AA}.Debug|Mixed Platforms.Build.0 = Debug|Any CPU
		{014608C5-660E-4DDD-B219-B38278AC86AA}.Debug|X64.ActiveCfg = Debug|Any CPU
		{014608C5-660E-4DDD-B219-B38278AC86AA}.Debug|x86.ActiveCfg = Debug|Any CPU
		{014608C5-660E-4DDD-B219-B38278AC86AA}.DebugLocal|Any CPU.ActiveCfg = Debug|Any CPU
		{014608C5-660E-4DDD-B219-B38278AC86AA}.DebugLocal|Any CPU.Build.0 = Debug|Any CPU
		{014608C5-660E-4DDD-B219-B38278AC86AA}.DebugLocal|Mixed Platforms.ActiveCfg = Debug|Any CPU
		{014608C5-660E-4DDD-B219-B38278AC86AA}.DebugLocal|Mixed Platforms.Build.0 = Debug|Any CPU
		{014608C5-660E-4DDD-B219-B38278AC86AA}.DebugLocal|X64.ActiveCfg = Debug|Any CPU
		{014608C5-660E-4DDD-B219-B38278AC86AA}.DebugLocal|x86.ActiveCfg = Debug|Any CPU
		{014608C5-660E-4DDD-B219-B38278AC86AA}.Release|Any CPU.ActiveCfg = Release|Any CPU
		{014608C5-660E-4DDD-B219-B38278AC86AA}.Release|Any CPU.Build.0 = Release|Any CPU
		{014608C5-660E-4DDD-B219-B38278AC86AA}.Release|Mixed Platforms.ActiveCfg = Release|Any CPU
		{014608C5-660E-4DDD-B219-B38278AC86AA}.Release|Mixed Platforms.Build.0 = Release|Any CPU
		{014608C5-660E-4DDD-B219-B38278AC86AA}.Release|X64.ActiveCfg = Release|Any CPU
		{014608C5-660E-4DDD-B219-B38278AC86AA}.Release|x86.ActiveCfg = Release|Any CPU
		{BEF9525F-6493-469F-BD15-ACBBB7B011A8}.Debug|Any CPU.ActiveCfg = Debug|Any CPU
		{BEF9525F-6493-469F-BD15-ACBBB7B011A8}.Debug|Any CPU.Build.0 = Debug|Any CPU
		{BEF9525F-6493-469F-BD15-ACBBB7B011A8}.Debug|Mixed Platforms.ActiveCfg = Debug|Any CPU
		{BEF9525F-6493-469F-BD15-ACBBB7B011A8}.Debug|Mixed Platforms.Build.0 = Debug|Any CPU
		{BEF9525F-6493-469F-BD15-ACBBB7B011A8}.Debug|X64.ActiveCfg = Debug|Any CPU
		{BEF9525F-6493-469F-BD15-ACBBB7B011A8}.Debug|x86.ActiveCfg = Debug|Any CPU
		{BEF9525F-6493-469F-BD15-ACBBB7B011A8}.DebugLocal|Any CPU.ActiveCfg = Debug|Any CPU
		{BEF9525F-6493-469F-BD15-ACBBB7B011A8}.DebugLocal|Any CPU.Build.0 = Debug|Any CPU
		{BEF9525F-6493-469F-BD15-ACBBB7B011A8}.DebugLocal|Mixed Platforms.ActiveCfg = Debug|Any CPU
		{BEF9525F-6493-469F-BD15-ACBBB7B011A8}.DebugLocal|Mixed Platforms.Build.0 = Debug|Any CPU
		{BEF9525F-6493-469F-BD15-ACBBB7B011A8}.DebugLocal|X64.ActiveCfg = Debug|Any CPU
		{BEF9525F-6493-469F-BD15-ACBBB7B011A8}.DebugLocal|x86.ActiveCfg = Debug|Any CPU
		{BEF9525F-6493-469F-BD15-ACBBB7B011A8}.Release|Any CPU.ActiveCfg = Release|Any CPU
		{BEF9525F-6493-469F-BD15-ACBBB7B011A8}.Release|Any CPU.Build.0 = Release|Any CPU
		{BEF9525F-6493-469F-BD15-ACBBB7B011A8}.Release|Mixed Platforms.ActiveCfg = Release|Any CPU
		{BEF9525F-6493-469F-BD15-ACBBB7B011A8}.Release|Mixed Platforms.Build.0 = Release|Any CPU
		{BEF9525F-6493-469F-BD15-ACBBB7B011A8}.Release|X64.ActiveCfg = Release|Any CPU
		{BEF9525F-6493-469F-BD15-ACBBB7B011A8}.Release|x86.ActiveCfg = Release|Any CPU
		{FA8260E1-3E5B-4BE8-9C65-5C6554310EF6}.Debug|Any CPU.ActiveCfg = Debug|Any CPU
		{FA8260E1-3E5B-4BE8-9C65-5C6554310EF6}.Debug|Any CPU.Build.0 = Debug|Any CPU
		{FA8260E1-3E5B-4BE8-9C65-5C6554310EF6}.Debug|Mixed Platforms.ActiveCfg = Debug|Any CPU
		{FA8260E1-3E5B-4BE8-9C65-5C6554310EF6}.Debug|Mixed Platforms.Build.0 = Debug|Any CPU
		{FA8260E1-3E5B-4BE8-9C65-5C6554310EF6}.Debug|X64.ActiveCfg = Debug|Any CPU
		{FA8260E1-3E5B-4BE8-9C65-5C6554310EF6}.Debug|x86.ActiveCfg = Debug|Any CPU
		{FA8260E1-3E5B-4BE8-9C65-5C6554310EF6}.DebugLocal|Any CPU.ActiveCfg = Debug|Any CPU
		{FA8260E1-3E5B-4BE8-9C65-5C6554310EF6}.DebugLocal|Any CPU.Build.0 = Debug|Any CPU
		{FA8260E1-3E5B-4BE8-9C65-5C6554310EF6}.DebugLocal|Mixed Platforms.ActiveCfg = Debug|Any CPU
		{FA8260E1-3E5B-4BE8-9C65-5C6554310EF6}.DebugLocal|Mixed Platforms.Build.0 = Debug|Any CPU
		{FA8260E1-3E5B-4BE8-9C65-5C6554310EF6}.DebugLocal|X64.ActiveCfg = Debug|Any CPU
		{FA8260E1-3E5B-4BE8-9C65-5C6554310EF6}.DebugLocal|x86.ActiveCfg = Debug|Any CPU
		{FA8260E1-3E5B-4BE8-9C65-5C6554310EF6}.Release|Any CPU.ActiveCfg = Release|Any CPU
		{FA8260E1-3E5B-4BE8-9C65-5C6554310EF6}.Release|Any CPU.Build.0 = Release|Any CPU
		{FA8260E1-3E5B-4BE8-9C65-5C6554310EF6}.Release|Mixed Platforms.ActiveCfg = Release|Any CPU
		{FA8260E1-3E5B-4BE8-9C65-5C6554310EF6}.Release|Mixed Platforms.Build.0 = Release|Any CPU
		{FA8260E1-3E5B-4BE8-9C65-5C6554310EF6}.Release|X64.ActiveCfg = Release|Any CPU
		{FA8260E1-3E5B-4BE8-9C65-5C6554310EF6}.Release|x86.ActiveCfg = Release|Any CPU
		{21EA3DA9-98CC-4681-9561-5C87B5D6803D}.Debug|Any CPU.ActiveCfg = Debug|Any CPU
		{21EA3DA9-98CC-4681-9561-5C87B5D6803D}.Debug|Any CPU.Build.0 = Debug|Any CPU
		{21EA3DA9-98CC-4681-9561-5C87B5D6803D}.Debug|Mixed Platforms.ActiveCfg = Debug|Any CPU
		{21EA3DA9-98CC-4681-9561-5C87B5D6803D}.Debug|Mixed Platforms.Build.0 = Debug|Any CPU
		{21EA3DA9-98CC-4681-9561-5C87B5D6803D}.Debug|X64.ActiveCfg = Debug|Any CPU
		{21EA3DA9-98CC-4681-9561-5C87B5D6803D}.Debug|x86.ActiveCfg = Debug|Any CPU
		{21EA3DA9-98CC-4681-9561-5C87B5D6803D}.DebugLocal|Any CPU.ActiveCfg = Debug|Any CPU
		{21EA3DA9-98CC-4681-9561-5C87B5D6803D}.DebugLocal|Any CPU.Build.0 = Debug|Any CPU
		{21EA3DA9-98CC-4681-9561-5C87B5D6803D}.DebugLocal|Mixed Platforms.ActiveCfg = Debug|Any CPU
		{21EA3DA9-98CC-4681-9561-5C87B5D6803D}.DebugLocal|Mixed Platforms.Build.0 = Debug|Any CPU
		{21EA3DA9-98CC-4681-9561-5C87B5D6803D}.DebugLocal|X64.ActiveCfg = Debug|Any CPU
		{21EA3DA9-98CC-4681-9561-5C87B5D6803D}.DebugLocal|x86.ActiveCfg = Debug|Any CPU
		{21EA3DA9-98CC-4681-9561-5C87B5D6803D}.Release|Any CPU.ActiveCfg = Release|Any CPU
		{21EA3DA9-98CC-4681-9561-5C87B5D6803D}.Release|Any CPU.Build.0 = Release|Any CPU
		{21EA3DA9-98CC-4681-9561-5C87B5D6803D}.Release|Mixed Platforms.ActiveCfg = Release|Any CPU
		{21EA3DA9-98CC-4681-9561-5C87B5D6803D}.Release|Mixed Platforms.Build.0 = Release|Any CPU
		{21EA3DA9-98CC-4681-9561-5C87B5D6803D}.Release|X64.ActiveCfg = Release|Any CPU
		{21EA3DA9-98CC-4681-9561-5C87B5D6803D}.Release|x86.ActiveCfg = Release|Any CPU
		{7B950105-3D41-42D3-9975-87048D2B795A}.Debug|Any CPU.ActiveCfg = Debug|x86
		{7B950105-3D41-42D3-9975-87048D2B795A}.Debug|Mixed Platforms.ActiveCfg = Debug|x86
		{7B950105-3D41-42D3-9975-87048D2B795A}.Debug|Mixed Platforms.Build.0 = Debug|x86
		{7B950105-3D41-42D3-9975-87048D2B795A}.Debug|X64.ActiveCfg = Debug|x86
		{7B950105-3D41-42D3-9975-87048D2B795A}.Debug|x86.ActiveCfg = Debug|x86
		{7B950105-3D41-42D3-9975-87048D2B795A}.Debug|x86.Build.0 = Debug|x86
		{7B950105-3D41-42D3-9975-87048D2B795A}.DebugLocal|Any CPU.ActiveCfg = Debug|x86
		{7B950105-3D41-42D3-9975-87048D2B795A}.DebugLocal|Mixed Platforms.ActiveCfg = Debug|x86
		{7B950105-3D41-42D3-9975-87048D2B795A}.DebugLocal|Mixed Platforms.Build.0 = Debug|x86
		{7B950105-3D41-42D3-9975-87048D2B795A}.DebugLocal|X64.ActiveCfg = Debug|x86
		{7B950105-3D41-42D3-9975-87048D2B795A}.DebugLocal|x86.ActiveCfg = Debug|x86
		{7B950105-3D41-42D3-9975-87048D2B795A}.DebugLocal|x86.Build.0 = Debug|x86
		{7B950105-3D41-42D3-9975-87048D2B795A}.Release|Any CPU.ActiveCfg = Release|x86
		{7B950105-3D41-42D3-9975-87048D2B795A}.Release|Mixed Platforms.ActiveCfg = Release|x86
		{7B950105-3D41-42D3-9975-87048D2B795A}.Release|Mixed Platforms.Build.0 = Release|x86
		{7B950105-3D41-42D3-9975-87048D2B795A}.Release|X64.ActiveCfg = Release|x86
		{7B950105-3D41-42D3-9975-87048D2B795A}.Release|x86.ActiveCfg = Release|x86
		{7B950105-3D41-42D3-9975-87048D2B795A}.Release|x86.Build.0 = Release|x86
		{20EE5E88-CDED-4CCE-935F-1E4209954080}.Debug|Any CPU.ActiveCfg = Debug|x86
		{20EE5E88-CDED-4CCE-935F-1E4209954080}.Debug|Mixed Platforms.ActiveCfg = Debug|x86
		{20EE5E88-CDED-4CCE-935F-1E4209954080}.Debug|Mixed Platforms.Build.0 = Debug|x86
		{20EE5E88-CDED-4CCE-935F-1E4209954080}.Debug|X64.ActiveCfg = Debug|x86
		{20EE5E88-CDED-4CCE-935F-1E4209954080}.Debug|x86.ActiveCfg = Debug|x86
		{20EE5E88-CDED-4CCE-935F-1E4209954080}.Debug|x86.Build.0 = Debug|x86
		{20EE5E88-CDED-4CCE-935F-1E4209954080}.DebugLocal|Any CPU.ActiveCfg = Debug|x86
		{20EE5E88-CDED-4CCE-935F-1E4209954080}.DebugLocal|Mixed Platforms.ActiveCfg = Debug|x86
		{20EE5E88-CDED-4CCE-935F-1E4209954080}.DebugLocal|Mixed Platforms.Build.0 = Debug|x86
		{20EE5E88-CDED-4CCE-935F-1E4209954080}.DebugLocal|X64.ActiveCfg = Debug|x86
		{20EE5E88-CDED-4CCE-935F-1E4209954080}.DebugLocal|x86.ActiveCfg = Debug|x86
		{20EE5E88-CDED-4CCE-935F-1E4209954080}.DebugLocal|x86.Build.0 = Debug|x86
		{20EE5E88-CDED-4CCE-935F-1E4209954080}.Release|Any CPU.ActiveCfg = Release|x86
		{20EE5E88-CDED-4CCE-935F-1E4209954080}.Release|Mixed Platforms.ActiveCfg = Release|x86
		{20EE5E88-CDED-4CCE-935F-1E4209954080}.Release|Mixed Platforms.Build.0 = Release|x86
		{20EE5E88-CDED-4CCE-935F-1E4209954080}.Release|X64.ActiveCfg = Release|x86
		{20EE5E88-CDED-4CCE-935F-1E4209954080}.Release|x86.ActiveCfg = Release|x86
		{20EE5E88-CDED-4CCE-935F-1E4209954080}.Release|x86.Build.0 = Release|x86
		{DC9A13A8-98A5-4460-B499-C8972944C764}.Debug|Any CPU.ActiveCfg = Debug|Any CPU
		{DC9A13A8-98A5-4460-B499-C8972944C764}.Debug|Any CPU.Build.0 = Debug|Any CPU
		{DC9A13A8-98A5-4460-B499-C8972944C764}.Debug|Mixed Platforms.ActiveCfg = Debug|Any CPU
		{DC9A13A8-98A5-4460-B499-C8972944C764}.Debug|Mixed Platforms.Build.0 = Debug|Any CPU
		{DC9A13A8-98A5-4460-B499-C8972944C764}.Debug|X64.ActiveCfg = Debug|Any CPU
		{DC9A13A8-98A5-4460-B499-C8972944C764}.Debug|x86.ActiveCfg = Debug|Any CPU
		{DC9A13A8-98A5-4460-B499-C8972944C764}.DebugLocal|Any CPU.ActiveCfg = Debug|Any CPU
		{DC9A13A8-98A5-4460-B499-C8972944C764}.DebugLocal|Any CPU.Build.0 = Debug|Any CPU
		{DC9A13A8-98A5-4460-B499-C8972944C764}.DebugLocal|Mixed Platforms.ActiveCfg = Debug|Any CPU
		{DC9A13A8-98A5-4460-B499-C8972944C764}.DebugLocal|Mixed Platforms.Build.0 = Debug|Any CPU
		{DC9A13A8-98A5-4460-B499-C8972944C764}.DebugLocal|X64.ActiveCfg = Debug|Any CPU
		{DC9A13A8-98A5-4460-B499-C8972944C764}.DebugLocal|x86.ActiveCfg = Debug|Any CPU
		{DC9A13A8-98A5-4460-B499-C8972944C764}.Release|Any CPU.ActiveCfg = Release|Any CPU
		{DC9A13A8-98A5-4460-B499-C8972944C764}.Release|Any CPU.Build.0 = Release|Any CPU
		{DC9A13A8-98A5-4460-B499-C8972944C764}.Release|Mixed Platforms.ActiveCfg = Release|Any CPU
		{DC9A13A8-98A5-4460-B499-C8972944C764}.Release|Mixed Platforms.Build.0 = Release|Any CPU
		{DC9A13A8-98A5-4460-B499-C8972944C764}.Release|X64.ActiveCfg = Release|Any CPU
		{DC9A13A8-98A5-4460-B499-C8972944C764}.Release|x86.ActiveCfg = Release|Any CPU
		{276395A6-28FF-46AF-ACCC-14F2F175E25D}.Debug|Any CPU.ActiveCfg = Debug|Any CPU
		{276395A6-28FF-46AF-ACCC-14F2F175E25D}.Debug|Any CPU.Build.0 = Debug|Any CPU
		{276395A6-28FF-46AF-ACCC-14F2F175E25D}.Debug|Mixed Platforms.ActiveCfg = Debug|Any CPU
		{276395A6-28FF-46AF-ACCC-14F2F175E25D}.Debug|Mixed Platforms.Build.0 = Debug|Any CPU
		{276395A6-28FF-46AF-ACCC-14F2F175E25D}.Debug|X64.ActiveCfg = Debug|Any CPU
		{276395A6-28FF-46AF-ACCC-14F2F175E25D}.Debug|x86.ActiveCfg = Debug|Any CPU
		{276395A6-28FF-46AF-ACCC-14F2F175E25D}.DebugLocal|Any CPU.ActiveCfg = Debug|Any CPU
		{276395A6-28FF-46AF-ACCC-14F2F175E25D}.DebugLocal|Any CPU.Build.0 = Debug|Any CPU
		{276395A6-28FF-46AF-ACCC-14F2F175E25D}.DebugLocal|Mixed Platforms.ActiveCfg = Debug|Any CPU
		{276395A6-28FF-46AF-ACCC-14F2F175E25D}.DebugLocal|Mixed Platforms.Build.0 = Debug|Any CPU
		{276395A6-28FF-46AF-ACCC-14F2F175E25D}.DebugLocal|X64.ActiveCfg = Debug|Any CPU
		{276395A6-28FF-46AF-ACCC-14F2F175E25D}.DebugLocal|x86.ActiveCfg = Debug|Any CPU
		{276395A6-28FF-46AF-ACCC-14F2F175E25D}.Release|Any CPU.ActiveCfg = Release|Any CPU
		{276395A6-28FF-46AF-ACCC-14F2F175E25D}.Release|Any CPU.Build.0 = Release|Any CPU
		{276395A6-28FF-46AF-ACCC-14F2F175E25D}.Release|Mixed Platforms.ActiveCfg = Release|Any CPU
		{276395A6-28FF-46AF-ACCC-14F2F175E25D}.Release|Mixed Platforms.Build.0 = Release|Any CPU
		{276395A6-28FF-46AF-ACCC-14F2F175E25D}.Release|X64.ActiveCfg = Release|Any CPU
		{276395A6-28FF-46AF-ACCC-14F2F175E25D}.Release|x86.ActiveCfg = Release|Any CPU
		{3B22CDC9-5DDA-4FBD-9EC1-2CDDCF960618}.Debug|Any CPU.ActiveCfg = Debug|Any CPU
		{3B22CDC9-5DDA-4FBD-9EC1-2CDDCF960618}.Debug|Any CPU.Build.0 = Debug|Any CPU
		{3B22CDC9-5DDA-4FBD-9EC1-2CDDCF960618}.Debug|Mixed Platforms.ActiveCfg = Debug|Any CPU
		{3B22CDC9-5DDA-4FBD-9EC1-2CDDCF960618}.Debug|Mixed Platforms.Build.0 = Debug|Any CPU
		{3B22CDC9-5DDA-4FBD-9EC1-2CDDCF960618}.Debug|X64.ActiveCfg = Debug|Any CPU
		{3B22CDC9-5DDA-4FBD-9EC1-2CDDCF960618}.Debug|x86.ActiveCfg = Debug|Any CPU
		{3B22CDC9-5DDA-4FBD-9EC1-2CDDCF960618}.DebugLocal|Any CPU.ActiveCfg = Debug|Any CPU
		{3B22CDC9-5DDA-4FBD-9EC1-2CDDCF960618}.DebugLocal|Any CPU.Build.0 = Debug|Any CPU
		{3B22CDC9-5DDA-4FBD-9EC1-2CDDCF960618}.DebugLocal|Mixed Platforms.ActiveCfg = Debug|Any CPU
		{3B22CDC9-5DDA-4FBD-9EC1-2CDDCF960618}.DebugLocal|Mixed Platforms.Build.0 = Debug|Any CPU
		{3B22CDC9-5DDA-4FBD-9EC1-2CDDCF960618}.DebugLocal|X64.ActiveCfg = Debug|Any CPU
		{3B22CDC9-5DDA-4FBD-9EC1-2CDDCF960618}.DebugLocal|x86.ActiveCfg = Debug|Any CPU
		{3B22CDC9-5DDA-4FBD-9EC1-2CDDCF960618}.Release|Any CPU.ActiveCfg = Release|Any CPU
		{3B22CDC9-5DDA-4FBD-9EC1-2CDDCF960618}.Release|Any CPU.Build.0 = Release|Any CPU
		{3B22CDC9-5DDA-4FBD-9EC1-2CDDCF960618}.Release|Mixed Platforms.ActiveCfg = Release|Any CPU
		{3B22CDC9-5DDA-4FBD-9EC1-2CDDCF960618}.Release|Mixed Platforms.Build.0 = Release|Any CPU
		{3B22CDC9-5DDA-4FBD-9EC1-2CDDCF960618}.Release|X64.ActiveCfg = Release|Any CPU
		{3B22CDC9-5DDA-4FBD-9EC1-2CDDCF960618}.Release|x86.ActiveCfg = Release|Any CPU
		{369C32A5-E099-4BD5-BBBF-51713947CA99}.Debug|Any CPU.ActiveCfg = Debug|Any CPU
		{369C32A5-E099-4BD5-BBBF-51713947CA99}.Debug|Any CPU.Build.0 = Debug|Any CPU
		{369C32A5-E099-4BD5-BBBF-51713947CA99}.Debug|Mixed Platforms.ActiveCfg = Debug|Any CPU
		{369C32A5-E099-4BD5-BBBF-51713947CA99}.Debug|Mixed Platforms.Build.0 = Debug|Any CPU
		{369C32A5-E099-4BD5-BBBF-51713947CA99}.Debug|X64.ActiveCfg = Debug|Any CPU
		{369C32A5-E099-4BD5-BBBF-51713947CA99}.Debug|x86.ActiveCfg = Debug|Any CPU
		{369C32A5-E099-4BD5-BBBF-51713947CA99}.DebugLocal|Any CPU.ActiveCfg = Debug|Any CPU
		{369C32A5-E099-4BD5-BBBF-51713947CA99}.DebugLocal|Any CPU.Build.0 = Debug|Any CPU
		{369C32A5-E099-4BD5-BBBF-51713947CA99}.DebugLocal|Mixed Platforms.ActiveCfg = Debug|Any CPU
		{369C32A5-E099-4BD5-BBBF-51713947CA99}.DebugLocal|Mixed Platforms.Build.0 = Debug|Any CPU
		{369C32A5-E099-4BD5-BBBF-51713947CA99}.DebugLocal|X64.ActiveCfg = Debug|Any CPU
		{369C32A5-E099-4BD5-BBBF-51713947CA99}.DebugLocal|x86.ActiveCfg = Debug|Any CPU
		{369C32A5-E099-4BD5-BBBF-51713947CA99}.Release|Any CPU.ActiveCfg = Release|Any CPU
		{369C32A5-E099-4BD5-BBBF-51713947CA99}.Release|Any CPU.Build.0 = Release|Any CPU
		{369C32A5-E099-4BD5-BBBF-51713947CA99}.Release|Mixed Platforms.ActiveCfg = Release|Any CPU
		{369C32A5-E099-4BD5-BBBF-51713947CA99}.Release|Mixed Platforms.Build.0 = Release|Any CPU
		{369C32A5-E099-4BD5-BBBF-51713947CA99}.Release|X64.ActiveCfg = Release|Any CPU
		{369C32A5-E099-4BD5-BBBF-51713947CA99}.Release|x86.ActiveCfg = Release|Any CPU
		{176C5B9A-C1A3-45EB-9DBC-42888A1AB09A}.Debug|Any CPU.ActiveCfg = Debug|Any CPU
		{176C5B9A-C1A3-45EB-9DBC-42888A1AB09A}.Debug|Any CPU.Build.0 = Debug|Any CPU
		{176C5B9A-C1A3-45EB-9DBC-42888A1AB09A}.Debug|Mixed Platforms.ActiveCfg = Debug|Any CPU
		{176C5B9A-C1A3-45EB-9DBC-42888A1AB09A}.Debug|Mixed Platforms.Build.0 = Debug|Any CPU
		{176C5B9A-C1A3-45EB-9DBC-42888A1AB09A}.Debug|X64.ActiveCfg = Debug|Any CPU
		{176C5B9A-C1A3-45EB-9DBC-42888A1AB09A}.Debug|x86.ActiveCfg = Debug|Any CPU
		{176C5B9A-C1A3-45EB-9DBC-42888A1AB09A}.DebugLocal|Any CPU.ActiveCfg = Debug|Any CPU
		{176C5B9A-C1A3-45EB-9DBC-42888A1AB09A}.DebugLocal|Any CPU.Build.0 = Debug|Any CPU
		{176C5B9A-C1A3-45EB-9DBC-42888A1AB09A}.DebugLocal|Mixed Platforms.ActiveCfg = Debug|Any CPU
		{176C5B9A-C1A3-45EB-9DBC-42888A1AB09A}.DebugLocal|Mixed Platforms.Build.0 = Debug|Any CPU
		{176C5B9A-C1A3-45EB-9DBC-42888A1AB09A}.DebugLocal|X64.ActiveCfg = Debug|Any CPU
		{176C5B9A-C1A3-45EB-9DBC-42888A1AB09A}.DebugLocal|x86.ActiveCfg = Debug|Any CPU
		{176C5B9A-C1A3-45EB-9DBC-42888A1AB09A}.Release|Any CPU.ActiveCfg = Release|Any CPU
		{176C5B9A-C1A3-45EB-9DBC-42888A1AB09A}.Release|Any CPU.Build.0 = Release|Any CPU
		{176C5B9A-C1A3-45EB-9DBC-42888A1AB09A}.Release|Mixed Platforms.ActiveCfg = Release|Any CPU
		{176C5B9A-C1A3-45EB-9DBC-42888A1AB09A}.Release|Mixed Platforms.Build.0 = Release|Any CPU
		{176C5B9A-C1A3-45EB-9DBC-42888A1AB09A}.Release|X64.ActiveCfg = Release|Any CPU
		{176C5B9A-C1A3-45EB-9DBC-42888A1AB09A}.Release|x86.ActiveCfg = Release|Any CPU
		{E10328E0-16F8-448C-8F26-E754D9A1FE83}.Debug|Any CPU.ActiveCfg = Debug|Any CPU
		{E10328E0-16F8-448C-8F26-E754D9A1FE83}.Debug|Any CPU.Build.0 = Debug|Any CPU
		{E10328E0-16F8-448C-8F26-E754D9A1FE83}.Debug|Mixed Platforms.ActiveCfg = Debug|Any CPU
		{E10328E0-16F8-448C-8F26-E754D9A1FE83}.Debug|Mixed Platforms.Build.0 = Debug|Any CPU
		{E10328E0-16F8-448C-8F26-E754D9A1FE83}.Debug|X64.ActiveCfg = Debug|Any CPU
		{E10328E0-16F8-448C-8F26-E754D9A1FE83}.Debug|x86.ActiveCfg = Debug|Any CPU
		{E10328E0-16F8-448C-8F26-E754D9A1FE83}.DebugLocal|Any CPU.ActiveCfg = Debug|Any CPU
		{E10328E0-16F8-448C-8F26-E754D9A1FE83}.DebugLocal|Any CPU.Build.0 = Debug|Any CPU
		{E10328E0-16F8-448C-8F26-E754D9A1FE83}.DebugLocal|Mixed Platforms.ActiveCfg = Debug|Any CPU
		{E10328E0-16F8-448C-8F26-E754D9A1FE83}.DebugLocal|Mixed Platforms.Build.0 = Debug|Any CPU
		{E10328E0-16F8-448C-8F26-E754D9A1FE83}.DebugLocal|X64.ActiveCfg = Debug|Any CPU
		{E10328E0-16F8-448C-8F26-E754D9A1FE83}.DebugLocal|x86.ActiveCfg = Debug|Any CPU
		{E10328E0-16F8-448C-8F26-E754D9A1FE83}.Release|Any CPU.ActiveCfg = Release|Any CPU
		{E10328E0-16F8-448C-8F26-E754D9A1FE83}.Release|Any CPU.Build.0 = Release|Any CPU
		{E10328E0-16F8-448C-8F26-E754D9A1FE83}.Release|Mixed Platforms.ActiveCfg = Release|Any CPU
		{E10328E0-16F8-448C-8F26-E754D9A1FE83}.Release|Mixed Platforms.Build.0 = Release|Any CPU
		{E10328E0-16F8-448C-8F26-E754D9A1FE83}.Release|X64.ActiveCfg = Release|Any CPU
		{E10328E0-16F8-448C-8F26-E754D9A1FE83}.Release|x86.ActiveCfg = Release|Any CPU
		{73C27953-0649-436D-90FC-5DFAF4F1C170}.Debug|Any CPU.ActiveCfg = Debug|Any CPU
		{73C27953-0649-436D-90FC-5DFAF4F1C170}.Debug|Any CPU.Build.0 = Debug|Any CPU
		{73C27953-0649-436D-90FC-5DFAF4F1C170}.Debug|Mixed Platforms.ActiveCfg = Debug|Any CPU
		{73C27953-0649-436D-90FC-5DFAF4F1C170}.Debug|Mixed Platforms.Build.0 = Debug|Any CPU
		{73C27953-0649-436D-90FC-5DFAF4F1C170}.Debug|X64.ActiveCfg = Debug|Any CPU
		{73C27953-0649-436D-90FC-5DFAF4F1C170}.Debug|x86.ActiveCfg = Debug|Any CPU
		{73C27953-0649-436D-90FC-5DFAF4F1C170}.DebugLocal|Any CPU.ActiveCfg = Debug|Any CPU
		{73C27953-0649-436D-90FC-5DFAF4F1C170}.DebugLocal|Any CPU.Build.0 = Debug|Any CPU
		{73C27953-0649-436D-90FC-5DFAF4F1C170}.DebugLocal|Mixed Platforms.ActiveCfg = Debug|Any CPU
		{73C27953-0649-436D-90FC-5DFAF4F1C170}.DebugLocal|Mixed Platforms.Build.0 = Debug|Any CPU
		{73C27953-0649-436D-90FC-5DFAF4F1C170}.DebugLocal|X64.ActiveCfg = Debug|Any CPU
		{73C27953-0649-436D-90FC-5DFAF4F1C170}.DebugLocal|x86.ActiveCfg = Debug|Any CPU
		{73C27953-0649-436D-90FC-5DFAF4F1C170}.Release|Any CPU.ActiveCfg = Release|Any CPU
		{73C27953-0649-436D-90FC-5DFAF4F1C170}.Release|Any CPU.Build.0 = Release|Any CPU
		{73C27953-0649-436D-90FC-5DFAF4F1C170}.Release|Mixed Platforms.ActiveCfg = Release|Any CPU
		{73C27953-0649-436D-90FC-5DFAF4F1C170}.Release|Mixed Platforms.Build.0 = Release|Any CPU
		{73C27953-0649-436D-90FC-5DFAF4F1C170}.Release|X64.ActiveCfg = Release|Any CPU
		{73C27953-0649-436D-90FC-5DFAF4F1C170}.Release|x86.ActiveCfg = Release|Any CPU
		{87F9069D-E59F-4195-97F4-9309E6A764DF}.Debug|Any CPU.ActiveCfg = Debug|Any CPU
		{87F9069D-E59F-4195-97F4-9309E6A764DF}.Debug|Any CPU.Build.0 = Debug|Any CPU
		{87F9069D-E59F-4195-97F4-9309E6A764DF}.Debug|Mixed Platforms.ActiveCfg = Debug|Any CPU
		{87F9069D-E59F-4195-97F4-9309E6A764DF}.Debug|Mixed Platforms.Build.0 = Debug|Any CPU
		{87F9069D-E59F-4195-97F4-9309E6A764DF}.Debug|X64.ActiveCfg = Debug|Any CPU
		{87F9069D-E59F-4195-97F4-9309E6A764DF}.Debug|x86.ActiveCfg = Debug|Any CPU
		{87F9069D-E59F-4195-97F4-9309E6A764DF}.DebugLocal|Any CPU.ActiveCfg = Debug|Any CPU
		{87F9069D-E59F-4195-97F4-9309E6A764DF}.DebugLocal|Any CPU.Build.0 = Debug|Any CPU
		{87F9069D-E59F-4195-97F4-9309E6A764DF}.DebugLocal|Mixed Platforms.ActiveCfg = Debug|Any CPU
		{87F9069D-E59F-4195-97F4-9309E6A764DF}.DebugLocal|Mixed Platforms.Build.0 = Debug|Any CPU
		{87F9069D-E59F-4195-97F4-9309E6A764DF}.DebugLocal|X64.ActiveCfg = Debug|Any CPU
		{87F9069D-E59F-4195-97F4-9309E6A764DF}.DebugLocal|x86.ActiveCfg = Debug|Any CPU
		{87F9069D-E59F-4195-97F4-9309E6A764DF}.Release|Any CPU.ActiveCfg = Release|Any CPU
		{87F9069D-E59F-4195-97F4-9309E6A764DF}.Release|Any CPU.Build.0 = Release|Any CPU
		{87F9069D-E59F-4195-97F4-9309E6A764DF}.Release|Mixed Platforms.ActiveCfg = Release|Any CPU
		{87F9069D-E59F-4195-97F4-9309E6A764DF}.Release|Mixed Platforms.Build.0 = Release|Any CPU
		{87F9069D-E59F-4195-97F4-9309E6A764DF}.Release|X64.ActiveCfg = Release|Any CPU
		{87F9069D-E59F-4195-97F4-9309E6A764DF}.Release|x86.ActiveCfg = Release|Any CPU
		{6B6E5793-B048-473D-8707-23031CC227CD}.Debug|Any CPU.ActiveCfg = Debug|Any CPU
		{6B6E5793-B048-473D-8707-23031CC227CD}.Debug|Any CPU.Build.0 = Debug|Any CPU
		{6B6E5793-B048-473D-8707-23031CC227CD}.Debug|Mixed Platforms.ActiveCfg = Debug|Any CPU
		{6B6E5793-B048-473D-8707-23031CC227CD}.Debug|Mixed Platforms.Build.0 = Debug|Any CPU
		{6B6E5793-B048-473D-8707-23031CC227CD}.Debug|X64.ActiveCfg = Debug|Any CPU
		{6B6E5793-B048-473D-8707-23031CC227CD}.Debug|x86.ActiveCfg = Debug|Any CPU
		{6B6E5793-B048-473D-8707-23031CC227CD}.DebugLocal|Any CPU.ActiveCfg = Debug|Any CPU
		{6B6E5793-B048-473D-8707-23031CC227CD}.DebugLocal|Any CPU.Build.0 = Debug|Any CPU
		{6B6E5793-B048-473D-8707-23031CC227CD}.DebugLocal|Mixed Platforms.ActiveCfg = Debug|Any CPU
		{6B6E5793-B048-473D-8707-23031CC227CD}.DebugLocal|Mixed Platforms.Build.0 = Debug|Any CPU
		{6B6E5793-B048-473D-8707-23031CC227CD}.DebugLocal|X64.ActiveCfg = Debug|Any CPU
		{6B6E5793-B048-473D-8707-23031CC227CD}.DebugLocal|x86.ActiveCfg = Debug|Any CPU
		{6B6E5793-B048-473D-8707-23031CC227CD}.Release|Any CPU.ActiveCfg = Release|Any CPU
		{6B6E5793-B048-473D-8707-23031CC227CD}.Release|Any CPU.Build.0 = Release|Any CPU
		{6B6E5793-B048-473D-8707-23031CC227CD}.Release|Mixed Platforms.ActiveCfg = Release|Any CPU
		{6B6E5793-B048-473D-8707-23031CC227CD}.Release|Mixed Platforms.Build.0 = Release|Any CPU
		{6B6E5793-B048-473D-8707-23031CC227CD}.Release|X64.ActiveCfg = Release|Any CPU
		{6B6E5793-B048-473D-8707-23031CC227CD}.Release|x86.ActiveCfg = Release|Any CPU
		{63DF64B8-C9F3-4A51-841D-58D6D1841627}.Debug|Any CPU.ActiveCfg = Debug|Any CPU
		{63DF64B8-C9F3-4A51-841D-58D6D1841627}.Debug|Any CPU.Build.0 = Debug|Any CPU
		{63DF64B8-C9F3-4A51-841D-58D6D1841627}.Debug|Mixed Platforms.ActiveCfg = Debug|Any CPU
		{63DF64B8-C9F3-4A51-841D-58D6D1841627}.Debug|Mixed Platforms.Build.0 = Debug|Any CPU
		{63DF64B8-C9F3-4A51-841D-58D6D1841627}.Debug|X64.ActiveCfg = Debug|Any CPU
		{63DF64B8-C9F3-4A51-841D-58D6D1841627}.Debug|x86.ActiveCfg = Debug|Any CPU
		{63DF64B8-C9F3-4A51-841D-58D6D1841627}.DebugLocal|Any CPU.ActiveCfg = Debug|Any CPU
		{63DF64B8-C9F3-4A51-841D-58D6D1841627}.DebugLocal|Any CPU.Build.0 = Debug|Any CPU
		{63DF64B8-C9F3-4A51-841D-58D6D1841627}.DebugLocal|Mixed Platforms.ActiveCfg = Debug|Any CPU
		{63DF64B8-C9F3-4A51-841D-58D6D1841627}.DebugLocal|Mixed Platforms.Build.0 = Debug|Any CPU
		{63DF64B8-C9F3-4A51-841D-58D6D1841627}.DebugLocal|X64.ActiveCfg = Debug|Any CPU
		{63DF64B8-C9F3-4A51-841D-58D6D1841627}.DebugLocal|x86.ActiveCfg = Debug|Any CPU
		{63DF64B8-C9F3-4A51-841D-58D6D1841627}.Release|Any CPU.ActiveCfg = Release|Any CPU
		{63DF64B8-C9F3-4A51-841D-58D6D1841627}.Release|Any CPU.Build.0 = Release|Any CPU
		{63DF64B8-C9F3-4A51-841D-58D6D1841627}.Release|Mixed Platforms.ActiveCfg = Release|Any CPU
		{63DF64B8-C9F3-4A51-841D-58D6D1841627}.Release|Mixed Platforms.Build.0 = Release|Any CPU
		{63DF64B8-C9F3-4A51-841D-58D6D1841627}.Release|X64.ActiveCfg = Release|Any CPU
		{63DF64B8-C9F3-4A51-841D-58D6D1841627}.Release|x86.ActiveCfg = Release|Any CPU
		{2A11DC7E-E556-4527-BF9D-9C89A18F18FC}.Debug|Any CPU.ActiveCfg = Debug|Any CPU
		{2A11DC7E-E556-4527-BF9D-9C89A18F18FC}.Debug|Any CPU.Build.0 = Debug|Any CPU
		{2A11DC7E-E556-4527-BF9D-9C89A18F18FC}.Debug|Mixed Platforms.ActiveCfg = Debug|Any CPU
		{2A11DC7E-E556-4527-BF9D-9C89A18F18FC}.Debug|Mixed Platforms.Build.0 = Debug|Any CPU
		{2A11DC7E-E556-4527-BF9D-9C89A18F18FC}.Debug|X64.ActiveCfg = Debug|Any CPU
		{2A11DC7E-E556-4527-BF9D-9C89A18F18FC}.Debug|x86.ActiveCfg = Debug|Any CPU
		{2A11DC7E-E556-4527-BF9D-9C89A18F18FC}.DebugLocal|Any CPU.ActiveCfg = Debug|Any CPU
		{2A11DC7E-E556-4527-BF9D-9C89A18F18FC}.DebugLocal|Any CPU.Build.0 = Debug|Any CPU
		{2A11DC7E-E556-4527-BF9D-9C89A18F18FC}.DebugLocal|Mixed Platforms.ActiveCfg = Debug|Any CPU
		{2A11DC7E-E556-4527-BF9D-9C89A18F18FC}.DebugLocal|Mixed Platforms.Build.0 = Debug|Any CPU
		{2A11DC7E-E556-4527-BF9D-9C89A18F18FC}.DebugLocal|X64.ActiveCfg = Debug|Any CPU
		{2A11DC7E-E556-4527-BF9D-9C89A18F18FC}.DebugLocal|x86.ActiveCfg = Debug|Any CPU
		{2A11DC7E-E556-4527-BF9D-9C89A18F18FC}.Release|Any CPU.ActiveCfg = Release|Any CPU
		{2A11DC7E-E556-4527-BF9D-9C89A18F18FC}.Release|Any CPU.Build.0 = Release|Any CPU
		{2A11DC7E-E556-4527-BF9D-9C89A18F18FC}.Release|Mixed Platforms.ActiveCfg = Release|Any CPU
		{2A11DC7E-E556-4527-BF9D-9C89A18F18FC}.Release|Mixed Platforms.Build.0 = Release|Any CPU
		{2A11DC7E-E556-4527-BF9D-9C89A18F18FC}.Release|X64.ActiveCfg = Release|Any CPU
		{2A11DC7E-E556-4527-BF9D-9C89A18F18FC}.Release|x86.ActiveCfg = Release|Any CPU
		{B2D3F688-1AE7-4718-A1D3-E48A220C6B2F}.Debug|Any CPU.ActiveCfg = Debug|Any CPU
		{B2D3F688-1AE7-4718-A1D3-E48A220C6B2F}.Debug|Any CPU.Build.0 = Debug|Any CPU
		{B2D3F688-1AE7-4718-A1D3-E48A220C6B2F}.Debug|Mixed Platforms.ActiveCfg = Debug|Any CPU
		{B2D3F688-1AE7-4718-A1D3-E48A220C6B2F}.Debug|Mixed Platforms.Build.0 = Debug|Any CPU
		{B2D3F688-1AE7-4718-A1D3-E48A220C6B2F}.Debug|X64.ActiveCfg = Debug|Any CPU
		{B2D3F688-1AE7-4718-A1D3-E48A220C6B2F}.Debug|x86.ActiveCfg = Debug|Any CPU
		{B2D3F688-1AE7-4718-A1D3-E48A220C6B2F}.DebugLocal|Any CPU.ActiveCfg = Debug|Any CPU
		{B2D3F688-1AE7-4718-A1D3-E48A220C6B2F}.DebugLocal|Any CPU.Build.0 = Debug|Any CPU
		{B2D3F688-1AE7-4718-A1D3-E48A220C6B2F}.DebugLocal|Mixed Platforms.ActiveCfg = Debug|Any CPU
		{B2D3F688-1AE7-4718-A1D3-E48A220C6B2F}.DebugLocal|Mixed Platforms.Build.0 = Debug|Any CPU
		{B2D3F688-1AE7-4718-A1D3-E48A220C6B2F}.DebugLocal|X64.ActiveCfg = Debug|Any CPU
		{B2D3F688-1AE7-4718-A1D3-E48A220C6B2F}.DebugLocal|x86.ActiveCfg = Debug|Any CPU
		{B2D3F688-1AE7-4718-A1D3-E48A220C6B2F}.Release|Any CPU.ActiveCfg = Release|Any CPU
		{B2D3F688-1AE7-4718-A1D3-E48A220C6B2F}.Release|Any CPU.Build.0 = Release|Any CPU
		{B2D3F688-1AE7-4718-A1D3-E48A220C6B2F}.Release|Mixed Platforms.ActiveCfg = Release|Any CPU
		{B2D3F688-1AE7-4718-A1D3-E48A220C6B2F}.Release|Mixed Platforms.Build.0 = Release|Any CPU
		{B2D3F688-1AE7-4718-A1D3-E48A220C6B2F}.Release|X64.ActiveCfg = Release|Any CPU
		{B2D3F688-1AE7-4718-A1D3-E48A220C6B2F}.Release|x86.ActiveCfg = Release|Any CPU
	EndGlobalSection
	GlobalSection(SolutionProperties) = preSolution
		HideSolutionNode = FALSE
	EndGlobalSection
	GlobalSection(NestedProjects) = preSolution
		{5A860069-2DCF-47A9-AE33-E10B08C5B08F} = {5F9DB076-9C79-424B-B51D-E1708725AFD4}
		{AEF8823B-E45B-4B35-A4D0-C08C1196D017} = {5F9DB076-9C79-424B-B51D-E1708725AFD4}
		{8533AA36-8D8A-4215-94B7-C8A4989C6F32} = {5F9DB076-9C79-424B-B51D-E1708725AFD4}
		{A130D3DC-72EA-4E07-AE64-CAA194245B6E} = {5F9DB076-9C79-424B-B51D-E1708725AFD4}
		{FBD2E6DA-8492-4E71-B227-C1BB7D517DBD} = {5F9DB076-9C79-424B-B51D-E1708725AFD4}
		{014608C5-660E-4DDD-B219-B38278AC86AA} = {5F9DB076-9C79-424B-B51D-E1708725AFD4}
		{BEF9525F-6493-469F-BD15-ACBBB7B011A8} = {5F9DB076-9C79-424B-B51D-E1708725AFD4}
		{FA8260E1-3E5B-4BE8-9C65-5C6554310EF6} = {5F9DB076-9C79-424B-B51D-E1708725AFD4}
		{21EA3DA9-98CC-4681-9561-5C87B5D6803D} = {5F9DB076-9C79-424B-B51D-E1708725AFD4}
		{E10328E0-16F8-448C-8F26-E754D9A1FE83} = {5F9DB076-9C79-424B-B51D-E1708725AFD4}
		{87F9069D-E59F-4195-97F4-9309E6A764DF} = {5F9DB076-9C79-424B-B51D-E1708725AFD4}
		{6B6E5793-B048-473D-8707-23031CC227CD} = {5F9DB076-9C79-424B-B51D-E1708725AFD4}
		{63DF64B8-C9F3-4A51-841D-58D6D1841627} = {5F9DB076-9C79-424B-B51D-E1708725AFD4}
		{7B950105-3D41-42D3-9975-87048D2B795A} = {5A860069-2DCF-47A9-AE33-E10B08C5B08F}
		{20EE5E88-CDED-4CCE-935F-1E4209954080} = {5A860069-2DCF-47A9-AE33-E10B08C5B08F}
		{DC9A13A8-98A5-4460-B499-C8972944C764} = {5A860069-2DCF-47A9-AE33-E10B08C5B08F}
		{276395A6-28FF-46AF-ACCC-14F2F175E25D} = {5A860069-2DCF-47A9-AE33-E10B08C5B08F}
		{3B22CDC9-5DDA-4FBD-9EC1-2CDDCF960618} = {5A860069-2DCF-47A9-AE33-E10B08C5B08F}
		{369C32A5-E099-4BD5-BBBF-51713947CA99} = {5A860069-2DCF-47A9-AE33-E10B08C5B08F}
		{176C5B9A-C1A3-45EB-9DBC-42888A1AB09A} = {5A860069-2DCF-47A9-AE33-E10B08C5B08F}
		{73C27953-0649-436D-90FC-5DFAF4F1C170} = {5A860069-2DCF-47A9-AE33-E10B08C5B08F}
	EndGlobalSection
	GlobalSection(ExtensibilityGlobals) = postSolution
		EnterpriseLibraryConfigurationToolBinariesPathV6 = packages\EnterpriseLibrary.Common.6.0.1304.0\lib\NET45;packages\EnterpriseLibrary.Logging.6.0.1304.0\lib\NET45;packages\EnterpriseLibrary.ExceptionHandling.6.0.1304.0\lib\NET45;packages\EnterpriseLibrary.ExceptionHandling.Logging.6.0.1304.0\lib\NET45
	EndGlobalSection
EndGlobal
